{
  "version": 4,
  "terraform_version": "1.0.0",
  "serial": 43,
  "lineage": "904dbe66-9005-d8f3-5b68-7829a5c54a36",
  "outputs": {
    "all_password": {
      "value": "S3cur3P4ssw0rd123!",
      "type": "string"
    },
    "all_username": {
      "value": "cloudteam",
      "type": "string"
    },
    "database_name": {
      "value": "wordpress",
      "type": "string"
    },
    "database_password": {
      "value": "S3cur3P4ssw0rd123!",
      "type": "string"
    },
    "database_username": {
      "value": "wordpress",
      "type": "string"
    },
    "dbserver_private_ip": {
      "value": "10.0.0.70",
      "type": "string"
    },
    "dbserver_public_ip": {
      "value": "20.230.133.145",
      "type": "string"
    },
    "dbserver_username": {
      "value": "cloudteam",
      "type": "string"
    },
    "fwep_pip": {
      "value": "20.230.132.245",
      "type": "string"
    },
    "webserver_private_ip": {
      "value": "10.0.0.69",
      "type": "string"
    },
    "webserver_public_ip": {
      "value": "20.230.134.118",
      "type": "string"
    },
    "webserver_username": {
      "value": "cloudteam",
      "type": "string"
    },
    "windows_client_pip": {
      "value": "20.230.201.88",
      "type": "string"
    },
    "windows_server_pip": {
      "value": "20.230.201.143",
      "type": "string"
    }
  },
  "resources": [
    {
      "mode": "data",
      "type": "fortiflexvm_groups_nexttoken",
      "name": "faz_free_token",
      "provider": "provider[\"registry.terraform.io/fortinetdev/fortiflexvm\"]",
      "instances": [
        {
          "schema_version": 0,
          "attributes": {
            "config_id": 2859,
            "folder_path": "My Assets/automation",
            "id": "GroupsNexttoken",
            "vms": [
              {
                "config_id": 2859,
                "description": "Create through Terraform",
                "end_date": "2023-06-24T18:47:55",
                "serial_number": "FZVMMLTM23000703",
                "start_date": "2023-06-14T11:47:57.003",
                "status": "PENDING",
                "token": "AB9C189B6D22F29C799F",
                "token_status": "NOTUSED"
              }
            ]
          },
          "sensitive_attributes": []
        }
      ]
    },
    {
      "mode": "data",
      "type": "template_file",
      "name": "dbserver",
      "provider": "provider[\"registry.terraform.io/hashicorp/template\"]",
      "instances": [
        {
          "schema_version": 0,
          "attributes": {
            "filename": null,
            "id": "677d14066b57d8fb97f8a8964235332f8c29338eccbd073f0b81b7c509036eb3",
            "rendered": "#!/bin/bash\n\nsudo apt-get update\n# sudo apt-get upgrade -qy\nsudo apt-get install -qy mysql-server ca-certificates\n\n# Setup Wordpress Database\nsudo mysql --user=root \u003c\u003c_EOF_\n  CREATE DATABASE IF NOT EXISTS wordpress DEFAULT CHARACTER SET utf8 COLLATE utf8_unicode_ci;\n  CREATE USER 'wordpress'@'%' IDENTIFIED WITH mysql_native_password BY 'S3cur3P4ssw0rd123!';\n  GRANT ALL ON wordpress.* TO 'wordpress'@'%';\n  FLUSH PRIVILEGES;\n_EOF_\n\necho \"added wordpress Database\" \u003e\u003e /tmp/state.log\n\n# Allow remote access to mysql server\nsudo sed -i \"s/.*bind-address.*/bind-address = 0.0.0.0/\" /etc/mysql/mysql.conf.d/mysqld.cnf\nsudo systemctl restart mysql\n\n# Install FortiClient\nwget -O - https://repo.fortinet.com/repo/forticlient/7.2/ubuntu/DEB-GPG-KEY | sudo apt-key add -\necho \"deb [arch=amd64] https://repo.fortinet.com/repo/forticlient/7.2/ubuntu/ /stable multiverse\" \u003e\u003e /etc/apt/sources.list\nsudo apt-get update\nsudo apt-get install -qy forticlient\n# Register FortiClient to EMS\nforticlient epctrl register \"$(terraform output -raw windows_server_pip)\" \n\necho \"Finish Setup\" \u003e\u003e /tmp/state.log",
            "template": "#!/bin/bash\n\nsudo apt-get update\n# sudo apt-get upgrade -qy\nsudo apt-get install -qy mysql-server ca-certificates\n\n# Setup Wordpress Database\nsudo mysql --user=root \u003c\u003c_EOF_\n  CREATE DATABASE IF NOT EXISTS ${dbname} DEFAULT CHARACTER SET utf8 COLLATE utf8_unicode_ci;\n  CREATE USER '${dbuser}'@'%' IDENTIFIED WITH mysql_native_password BY '${dbpassword}';\n  GRANT ALL ON ${dbname}.* TO '${dbuser}'@'%';\n  FLUSH PRIVILEGES;\n_EOF_\n\necho \"added wordpress Database\" \u003e\u003e /tmp/state.log\n\n# Allow remote access to mysql server\nsudo sed -i \"s/.*bind-address.*/bind-address = 0.0.0.0/\" /etc/mysql/mysql.conf.d/mysqld.cnf\nsudo systemctl restart mysql\n\n# Install FortiClient\nwget -O - https://repo.fortinet.com/repo/forticlient/7.2/ubuntu/DEB-GPG-KEY | sudo apt-key add -\necho \"deb [arch=amd64] https://repo.fortinet.com/repo/forticlient/7.2/ubuntu/ /stable multiverse\" \u003e\u003e /etc/apt/sources.list\nsudo apt-get update\nsudo apt-get install -qy forticlient\n# Register FortiClient to EMS\nforticlient epctrl register \"$(terraform output -raw windows_server_pip)\" \n\necho \"Finish Setup\" \u003e\u003e /tmp/state.log",
            "vars": {
              "dbhost": "10.0.0.69",
              "dbname": "wordpress",
              "dbpassword": "S3cur3P4ssw0rd123!",
              "dbuser": "wordpress"
            }
          },
          "sensitive_attributes": []
        }
      ]
    },
    {
      "mode": "data",
      "type": "template_file",
      "name": "faz_custom_data",
      "provider": "provider[\"registry.terraform.io/hashicorp/template\"]",
      "instances": [
        {
          "schema_version": 0,
          "attributes": {
            "filename": null,
            "id": "7156b45c6a10a2c0a5162955b4bd48e4cf0aebec5be4f47f87d677f78d544d7a",
            "rendered": "Content-Type: multipart/mixed; boundary=\"===============0086047718136476635==\"\nMIME-Version: 1.0\n\n--===============0086047718136476635==\nContent-Type: text/plain; charset=\"us-ascii\"\nMIME-Version: 1.0\nContent-Transfer-Encoding: 7bit\nContent-Disposition: attachment; filename=\"config\"\n\nconfig system global\n    set hostname \"fortianalyzer-vm\"\nend\nconfig system interface\n    edit \"port1\"\n        set ip 10.0.0.7/10.0.0.0/26\n        set allowaccess ping https ssh\n    next\nend\nconfig system admin user\n    edit cloudteam\n        set password S3cur3P4ssw0rd123!\n        set change-password disable\n        set rpc-permit read-write\n        unset password-expire\n    end\nend\nexecute vm-license AB9C189B6D22F29C799F \n--===============0086047718136476635==--",
            "template": "Content-Type: multipart/mixed; boundary=\"===============0086047718136476635==\"\nMIME-Version: 1.0\n\n--===============0086047718136476635==\nContent-Type: text/plain; charset=\"us-ascii\"\nMIME-Version: 1.0\nContent-Transfer-Encoding: 7bit\nContent-Disposition: attachment; filename=\"config\"\n\nconfig system global\n    set hostname \"${faz_vm_name}\"\nend\nconfig system interface\n    edit \"port1\"\n        set ip ${faz_ipaddr}/${faz_mask}\n        set allowaccess ping https ssh\n    next\nend\nconfig system admin user\n    edit ${faz_username}\n        set password ${faz_password}\n        set change-password disable\n        set rpc-permit read-write\n        unset password-expire\n    end\nend\nexecute vm-license ${faz_flex-license} \n--===============0086047718136476635==--",
            "vars": {
              "faz_flex-license": "AB9C189B6D22F29C799F",
              "faz_ipaddr": "10.0.0.7",
              "faz_mask": "10.0.0.0/26",
              "faz_password": "S3cur3P4ssw0rd123!",
              "faz_username": "cloudteam",
              "faz_vm_name": "fortianalyzer-vm"
            }
          },
          "sensitive_attributes": []
        }
      ]
    },
    {
      "mode": "data",
      "type": "template_file",
      "name": "webserver",
      "provider": "provider[\"registry.terraform.io/hashicorp/template\"]",
      "instances": [
        {
          "schema_version": 0,
          "attributes": {
            "filename": null,
            "id": "07b03b62eb3f4f76a28dd0d953d9ac8f08cba515000436b394ebb488f00e0a70",
            "rendered": "#!/bin/bash\n\nsudo apt-get update\n# sudo apt-get upgrade -qy\nsudo apt-get install -qy apache2 php libapache2-mod-php php-mysql curl ca-certificates\n\n# Install wordpress\nwget -O /tmp/wordpress_latest.tar.gz https://wordpress.org/latest.tar.gz\nsudo tar -xf /tmp/wordpress_latest.tar.gz -C /var/www/html/\nsudo chown -R www-data:www-data /var/www/html/wordpress\n\n## Secure Wordpress deployment\nsudo find /var/www/html/wordpress/ -type d -exec chmod 750 {} \\;\nsudo find /var/www/html/wordpress/ -type f -exec chmod 640 {} \\;\n\n# Setup Apache with deault SSL certificate\nsudo a2enmod ssl\nsudo a2enmod headers\nsudo a2ensite default-ssl\n\n# Restart Apache Webserver\nsudo systemctl restart apache2\n\n# Install FortiClient\nwget -O - https://repo.fortinet.com/repo/forticlient/7.2/ubuntu/DEB-GPG-KEY | sudo apt-key add -\necho \"deb [arch=amd64] https://repo.fortinet.com/repo/forticlient/7.2/ubuntu/ /stable multiverse\" \u003e\u003e /etc/apt/sources.list\nsudo apt-get update\nsudo apt-get install -qy forticlient\n# Register FortiClient to EMS\n## forticlient epctrl register \u003caddress/invitation\u003e [flags]\n\necho \"Finish Setup\" \u003e /tmp/state.log",
            "template": "#!/bin/bash\n\nsudo apt-get update\n# sudo apt-get upgrade -qy\nsudo apt-get install -qy apache2 php libapache2-mod-php php-mysql curl ca-certificates\n\n# Install wordpress\nwget -O /tmp/wordpress_latest.tar.gz https://wordpress.org/latest.tar.gz\nsudo tar -xf /tmp/wordpress_latest.tar.gz -C /var/www/html/\nsudo chown -R www-data:www-data /var/www/html/wordpress\n\n## Secure Wordpress deployment\nsudo find /var/www/html/wordpress/ -type d -exec chmod 750 {} \\;\nsudo find /var/www/html/wordpress/ -type f -exec chmod 640 {} \\;\n\n# Setup Apache with deault SSL certificate\nsudo a2enmod ssl\nsudo a2enmod headers\nsudo a2ensite default-ssl\n\n# Restart Apache Webserver\nsudo systemctl restart apache2\n\n# Install FortiClient\nwget -O - https://repo.fortinet.com/repo/forticlient/7.2/ubuntu/DEB-GPG-KEY | sudo apt-key add -\necho \"deb [arch=amd64] https://repo.fortinet.com/repo/forticlient/7.2/ubuntu/ /stable multiverse\" \u003e\u003e /etc/apt/sources.list\nsudo apt-get update\nsudo apt-get install -qy forticlient\n# Register FortiClient to EMS\n## forticlient epctrl register \u003caddress/invitation\u003e [flags]\n\necho \"Finish Setup\" \u003e /tmp/state.log",
            "vars": null
          },
          "sensitive_attributes": []
        }
      ]
    },
    {
      "mode": "managed",
      "type": "azurerm_linux_virtual_machine",
      "name": "dbserver",
      "provider": "provider[\"registry.terraform.io/hashicorp/azurerm\"]",
      "instances": [
        {
          "schema_version": 0,
          "attributes": {
            "additional_capabilities": [],
            "admin_password": "S3cur3P4ssw0rd123!",
            "admin_ssh_key": [],
            "admin_username": "cloudteam",
            "allow_extension_operations": true,
            "availability_set_id": "",
            "boot_diagnostics": [],
            "capacity_reservation_group_id": "",
            "computer_name": "dbserver-vm",
            "custom_data": "IyEvYmluL2Jhc2gKCnN1ZG8gYXB0LWdldCB1cGRhdGUKIyBzdWRvIGFwdC1nZXQgdXBncmFkZSAtcXkKc3VkbyBhcHQtZ2V0IGluc3RhbGwgLXF5IGFwYWNoZTIgcGhwIGxpYmFwYWNoZTItbW9kLXBocCBwaHAtbXlzcWwgY3VybCBjYS1jZXJ0aWZpY2F0ZXMKCiMgSW5zdGFsbCB3b3JkcHJlc3MKd2dldCAtTyAvdG1wL3dvcmRwcmVzc19sYXRlc3QudGFyLmd6IGh0dHBzOi8vd29yZHByZXNzLm9yZy9sYXRlc3QudGFyLmd6CnN1ZG8gdGFyIC14ZiAvdG1wL3dvcmRwcmVzc19sYXRlc3QudGFyLmd6IC1DIC92YXIvd3d3L2h0bWwvCnN1ZG8gY2hvd24gLVIgd3d3LWRhdGE6d3d3LWRhdGEgL3Zhci93d3cvaHRtbC93b3JkcHJlc3MKCiMjIFNlY3VyZSBXb3JkcHJlc3MgZGVwbG95bWVudApzdWRvIGZpbmQgL3Zhci93d3cvaHRtbC93b3JkcHJlc3MvIC10eXBlIGQgLWV4ZWMgY2htb2QgNzUwIHt9IFw7CnN1ZG8gZmluZCAvdmFyL3d3dy9odG1sL3dvcmRwcmVzcy8gLXR5cGUgZiAtZXhlYyBjaG1vZCA2NDAge30gXDsKCiMgU2V0dXAgQXBhY2hlIHdpdGggZGVhdWx0IFNTTCBjZXJ0aWZpY2F0ZQpzdWRvIGEyZW5tb2Qgc3NsCnN1ZG8gYTJlbm1vZCBoZWFkZXJzCnN1ZG8gYTJlbnNpdGUgZGVmYXVsdC1zc2wKCiMgUmVzdGFydCBBcGFjaGUgV2Vic2VydmVyCnN1ZG8gc3lzdGVtY3RsIHJlc3RhcnQgYXBhY2hlMgoKIyBJbnN0YWxsIEZvcnRpQ2xpZW50CndnZXQgLU8gLSBodHRwczovL3JlcG8uZm9ydGluZXQuY29tL3JlcG8vZm9ydGljbGllbnQvNy4yL3VidW50dS9ERUItR1BHLUtFWSB8IHN1ZG8gYXB0LWtleSBhZGQgLQplY2hvICJkZWIgW2FyY2g9YW1kNjRdIGh0dHBzOi8vcmVwby5mb3J0aW5ldC5jb20vcmVwby9mb3J0aWNsaWVudC83LjIvdWJ1bnR1LyAvc3RhYmxlIG11bHRpdmVyc2UiID4+IC9ldGMvYXB0L3NvdXJjZXMubGlzdApzdWRvIGFwdC1nZXQgdXBkYXRlCnN1ZG8gYXB0LWdldCBpbnN0YWxsIC1xeSBmb3J0aWNsaWVudAojIFJlZ2lzdGVyIEZvcnRpQ2xpZW50IHRvIEVNUwojIyBmb3J0aWNsaWVudCBlcGN0cmwgcmVnaXN0ZXIgPGFkZHJlc3MvaW52aXRhdGlvbj4gW2ZsYWdzXQoKZWNobyAiRmluaXNoIFNldHVwIiA+IC90bXAvc3RhdGUubG9n",
            "dedicated_host_group_id": "",
            "dedicated_host_id": "",
            "disable_password_authentication": false,
            "edge_zone": "",
            "encryption_at_host_enabled": false,
            "eviction_policy": "",
            "extensions_time_budget": "PT1H30M",
            "gallery_application": [],
            "id": "/subscriptions/cf72478e-c3b0-4072-8f60-41d037c1d9e9/resourceGroups/cse-ztna-lab-rg0622/providers/Microsoft.Compute/virtualMachines/dbserver-vm",
            "identity": [],
            "license_type": "",
            "location": "westus2",
            "max_bid_price": -1,
            "name": "dbserver-vm",
            "network_interface_ids": [
              "/subscriptions/cf72478e-c3b0-4072-8f60-41d037c1d9e9/resourceGroups/cse-ztna-lab-rg0622/providers/Microsoft.Network/networkInterfaces/dbserver-nic"
            ],
            "os_disk": [
              {
                "caching": "ReadWrite",
                "diff_disk_settings": [],
                "disk_encryption_set_id": "",
                "disk_size_gb": 30,
                "name": "OSDisk-dbserver-vm",
                "secure_vm_disk_encryption_set_id": "",
                "security_encryption_type": "",
                "storage_account_type": "Standard_LRS",
                "write_accelerator_enabled": false
              }
            ],
            "patch_assessment_mode": "ImageDefault",
            "patch_mode": "ImageDefault",
            "plan": [],
            "platform_fault_domain": -1,
            "priority": "Regular",
            "private_ip_address": "10.0.0.70",
            "private_ip_addresses": [
              "10.0.0.70"
            ],
            "provision_vm_agent": true,
            "proximity_placement_group_id": "",
            "public_ip_address": "20.230.133.145",
            "public_ip_addresses": [
              "20.230.133.145"
            ],
            "resource_group_name": "cse-ztna-lab-rg0622",
            "secret": [],
            "secure_boot_enabled": false,
            "size": "Standard_B2s",
            "source_image_id": "",
            "source_image_reference": [
              {
                "offer": "0001-com-ubuntu-server-focal",
                "publisher": "canonical",
                "sku": "20_04-lts-gen2",
                "version": "latest"
              }
            ],
            "tags": null,
            "termination_notification": null,
            "timeouts": null,
            "user_data": "",
            "virtual_machine_id": "31e907a3-12e1-465e-8ae0-89dad2c4193c",
            "virtual_machine_scale_set_id": "",
            "vtpm_enabled": false,
            "zone": ""
          },
          "sensitive_attributes": [],
          "private": "eyJlMmJmYjczMC1lY2FhLTExZTYtOGY4OC0zNDM2M2JjN2M0YzAiOnsiY3JlYXRlIjoyNzAwMDAwMDAwMDAwLCJkZWxldGUiOjI3MDAwMDAwMDAwMDAsInJlYWQiOjMwMDAwMDAwMDAwMCwidXBkYXRlIjoyNzAwMDAwMDAwMDAwfX0=",
          "dependencies": [
            "azurerm_network_interface.dbserver-nic1",
            "azurerm_network_interface.windowsserver-nic1",
            "azurerm_public_ip.dbserverpublicip",
            "azurerm_public_ip.winserverpublicip",
            "azurerm_resource_group.resourcegroup",
            "azurerm_subnet.external",
            "azurerm_subnet.internal",
            "azurerm_virtual_network.vnet",
            "azurerm_windows_virtual_machine.windowsserver",
            "data.template_file.webserver"
          ]
        }
      ]
    },
    {
      "mode": "managed",
      "type": "azurerm_linux_virtual_machine",
      "name": "webserver",
      "provider": "provider[\"registry.terraform.io/hashicorp/azurerm\"]",
      "instances": [
        {
          "schema_version": 0,
          "attributes": {
            "additional_capabilities": [],
            "admin_password": "S3cur3P4ssw0rd123!",
            "admin_ssh_key": [],
            "admin_username": "cloudteam",
            "allow_extension_operations": true,
            "availability_set_id": "",
            "boot_diagnostics": [],
            "capacity_reservation_group_id": "",
            "computer_name": "webserver-vm",
            "custom_data": "IyEvYmluL2Jhc2gKCnN1ZG8gYXB0LWdldCB1cGRhdGUKIyBzdWRvIGFwdC1nZXQgdXBncmFkZSAtcXkKc3VkbyBhcHQtZ2V0IGluc3RhbGwgLXF5IGFwYWNoZTIgcGhwIGxpYmFwYWNoZTItbW9kLXBocCBwaHAtbXlzcWwgY3VybCBjYS1jZXJ0aWZpY2F0ZXMKCiMgSW5zdGFsbCB3b3JkcHJlc3MKd2dldCAtTyAvdG1wL3dvcmRwcmVzc19sYXRlc3QudGFyLmd6IGh0dHBzOi8vd29yZHByZXNzLm9yZy9sYXRlc3QudGFyLmd6CnN1ZG8gdGFyIC14ZiAvdG1wL3dvcmRwcmVzc19sYXRlc3QudGFyLmd6IC1DIC92YXIvd3d3L2h0bWwvCnN1ZG8gY2hvd24gLVIgd3d3LWRhdGE6d3d3LWRhdGEgL3Zhci93d3cvaHRtbC93b3JkcHJlc3MKCiMjIFNlY3VyZSBXb3JkcHJlc3MgZGVwbG95bWVudApzdWRvIGZpbmQgL3Zhci93d3cvaHRtbC93b3JkcHJlc3MvIC10eXBlIGQgLWV4ZWMgY2htb2QgNzUwIHt9IFw7CnN1ZG8gZmluZCAvdmFyL3d3dy9odG1sL3dvcmRwcmVzcy8gLXR5cGUgZiAtZXhlYyBjaG1vZCA2NDAge30gXDsKCiMgU2V0dXAgQXBhY2hlIHdpdGggZGVhdWx0IFNTTCBjZXJ0aWZpY2F0ZQpzdWRvIGEyZW5tb2Qgc3NsCnN1ZG8gYTJlbm1vZCBoZWFkZXJzCnN1ZG8gYTJlbnNpdGUgZGVmYXVsdC1zc2wKCiMgUmVzdGFydCBBcGFjaGUgV2Vic2VydmVyCnN1ZG8gc3lzdGVtY3RsIHJlc3RhcnQgYXBhY2hlMgoKIyBJbnN0YWxsIEZvcnRpQ2xpZW50CndnZXQgLU8gLSBodHRwczovL3JlcG8uZm9ydGluZXQuY29tL3JlcG8vZm9ydGljbGllbnQvNy4yL3VidW50dS9ERUItR1BHLUtFWSB8IHN1ZG8gYXB0LWtleSBhZGQgLQplY2hvICJkZWIgW2FyY2g9YW1kNjRdIGh0dHBzOi8vcmVwby5mb3J0aW5ldC5jb20vcmVwby9mb3J0aWNsaWVudC83LjIvdWJ1bnR1LyAvc3RhYmxlIG11bHRpdmVyc2UiID4+IC9ldGMvYXB0L3NvdXJjZXMubGlzdApzdWRvIGFwdC1nZXQgdXBkYXRlCnN1ZG8gYXB0LWdldCBpbnN0YWxsIC1xeSBmb3J0aWNsaWVudAojIFJlZ2lzdGVyIEZvcnRpQ2xpZW50IHRvIEVNUwojIyBmb3J0aWNsaWVudCBlcGN0cmwgcmVnaXN0ZXIgPGFkZHJlc3MvaW52aXRhdGlvbj4gW2ZsYWdzXQoKZWNobyAiRmluaXNoIFNldHVwIiA+IC90bXAvc3RhdGUubG9n",
            "dedicated_host_group_id": "",
            "dedicated_host_id": "",
            "disable_password_authentication": false,
            "edge_zone": "",
            "encryption_at_host_enabled": false,
            "eviction_policy": "",
            "extensions_time_budget": "PT1H30M",
            "gallery_application": [],
            "id": "/subscriptions/cf72478e-c3b0-4072-8f60-41d037c1d9e9/resourceGroups/cse-ztna-lab-rg0622/providers/Microsoft.Compute/virtualMachines/webserver-vm",
            "identity": [],
            "license_type": "",
            "location": "westus2",
            "max_bid_price": -1,
            "name": "webserver-vm",
            "network_interface_ids": [
              "/subscriptions/cf72478e-c3b0-4072-8f60-41d037c1d9e9/resourceGroups/cse-ztna-lab-rg0622/providers/Microsoft.Network/networkInterfaces/webserver-nic1"
            ],
            "os_disk": [
              {
                "caching": "ReadWrite",
                "diff_disk_settings": [],
                "disk_encryption_set_id": "",
                "disk_size_gb": 30,
                "name": "OSDisk-webserver-vm",
                "secure_vm_disk_encryption_set_id": "",
                "security_encryption_type": "",
                "storage_account_type": "Standard_LRS",
                "write_accelerator_enabled": false
              }
            ],
            "patch_assessment_mode": "ImageDefault",
            "patch_mode": "ImageDefault",
            "plan": [],
            "platform_fault_domain": -1,
            "priority": "Regular",
            "private_ip_address": "10.0.0.69",
            "private_ip_addresses": [
              "10.0.0.69"
            ],
            "provision_vm_agent": true,
            "proximity_placement_group_id": "",
            "public_ip_address": "20.230.134.118",
            "public_ip_addresses": [
              "20.230.134.118"
            ],
            "resource_group_name": "cse-ztna-lab-rg0622",
            "secret": [],
            "secure_boot_enabled": false,
            "size": "Standard_B2s",
            "source_image_id": "",
            "source_image_reference": [
              {
                "offer": "0001-com-ubuntu-server-focal",
                "publisher": "canonical",
                "sku": "20_04-lts-gen2",
                "version": "latest"
              }
            ],
            "tags": null,
            "termination_notification": null,
            "timeouts": null,
            "user_data": "",
            "virtual_machine_id": "ac6e27b2-3be5-4b96-9679-345b665deb89",
            "virtual_machine_scale_set_id": "",
            "vtpm_enabled": false,
            "zone": ""
          },
          "sensitive_attributes": [],
          "private": "eyJlMmJmYjczMC1lY2FhLTExZTYtOGY4OC0zNDM2M2JjN2M0YzAiOnsiY3JlYXRlIjoyNzAwMDAwMDAwMDAwLCJkZWxldGUiOjI3MDAwMDAwMDAwMDAsInJlYWQiOjMwMDAwMDAwMDAwMCwidXBkYXRlIjoyNzAwMDAwMDAwMDAwfX0=",
          "dependencies": [
            "azurerm_network_interface.webserver-nic1",
            "azurerm_network_interface.windowsserver-nic1",
            "azurerm_public_ip.webserverpublicip",
            "azurerm_public_ip.winserverpublicip",
            "azurerm_resource_group.resourcegroup",
            "azurerm_subnet.external",
            "azurerm_subnet.internal",
            "azurerm_virtual_network.vnet",
            "azurerm_windows_virtual_machine.windowsserver",
            "data.template_file.webserver"
          ]
        }
      ]
    },
    {
      "mode": "managed",
      "type": "azurerm_network_interface",
      "name": "dbserver-nic1",
      "provider": "provider[\"registry.terraform.io/hashicorp/azurerm\"]",
      "instances": [
        {
          "schema_version": 0,
          "attributes": {
            "applied_dns_servers": [],
            "dns_servers": [],
            "edge_zone": "",
            "enable_accelerated_networking": false,
            "enable_ip_forwarding": false,
            "id": "/subscriptions/cf72478e-c3b0-4072-8f60-41d037c1d9e9/resourceGroups/cse-ztna-lab-rg0622/providers/Microsoft.Network/networkInterfaces/dbserver-nic",
            "internal_dns_name_label": "",
            "internal_domain_name_suffix": "5mwor2ai053elarjga3luvm0wf.xx.internal.cloudapp.net",
            "ip_configuration": [
              {
                "gateway_load_balancer_frontend_ip_configuration_id": "",
                "name": "dbserver-nic1",
                "primary": true,
                "private_ip_address": "10.0.0.70",
                "private_ip_address_allocation": "Static",
                "private_ip_address_version": "IPv4",
                "public_ip_address_id": "/subscriptions/cf72478e-c3b0-4072-8f60-41d037c1d9e9/resourceGroups/cse-ztna-lab-rg0622/providers/Microsoft.Network/publicIPAddresses/dbserver-pip",
                "subnet_id": "/subscriptions/cf72478e-c3b0-4072-8f60-41d037c1d9e9/resourceGroups/cse-ztna-lab-rg0622/providers/Microsoft.Network/virtualNetworks/lab-vnet/subnets/internal"
              }
            ],
            "location": "westus2",
            "mac_address": "",
            "name": "dbserver-nic",
            "private_ip_address": "10.0.0.70",
            "private_ip_addresses": [
              "10.0.0.70"
            ],
            "resource_group_name": "cse-ztna-lab-rg0622",
            "tags": null,
            "timeouts": null,
            "virtual_machine_id": ""
          },
          "sensitive_attributes": [],
          "private": "eyJlMmJmYjczMC1lY2FhLTExZTYtOGY4OC0zNDM2M2JjN2M0YzAiOnsiY3JlYXRlIjoxODAwMDAwMDAwMDAwLCJkZWxldGUiOjE4MDAwMDAwMDAwMDAsInJlYWQiOjMwMDAwMDAwMDAwMCwidXBkYXRlIjoxODAwMDAwMDAwMDAwfX0=",
          "dependencies": [
            "azurerm_public_ip.dbserverpublicip",
            "azurerm_resource_group.resourcegroup",
            "azurerm_subnet.internal",
            "azurerm_virtual_network.vnet"
          ]
        }
      ]
    },
    {
      "mode": "managed",
      "type": "azurerm_network_interface",
      "name": "fortianalyzer-nic1",
      "provider": "provider[\"registry.terraform.io/hashicorp/azurerm\"]",
      "instances": [
        {
          "schema_version": 0,
          "attributes": {
            "applied_dns_servers": [],
            "dns_servers": [],
            "edge_zone": "",
            "enable_accelerated_networking": false,
            "enable_ip_forwarding": false,
            "id": "/subscriptions/cf72478e-c3b0-4072-8f60-41d037c1d9e9/resourceGroups/cse-ztna-lab-rg0622/providers/Microsoft.Network/networkInterfaces/fortianalyzer-nic1",
            "internal_dns_name_label": "",
            "internal_domain_name_suffix": "5mwor2ai053elarjga3luvm0wf.xx.internal.cloudapp.net",
            "ip_configuration": [
              {
                "gateway_load_balancer_frontend_ip_configuration_id": "",
                "name": "faz-nic1",
                "primary": true,
                "private_ip_address": "10.0.0.7",
                "private_ip_address_allocation": "Static",
                "private_ip_address_version": "IPv4",
                "public_ip_address_id": "/subscriptions/cf72478e-c3b0-4072-8f60-41d037c1d9e9/resourceGroups/cse-ztna-lab-rg0622/providers/Microsoft.Network/publicIPAddresses/fortianalyzer-pip",
                "subnet_id": "/subscriptions/cf72478e-c3b0-4072-8f60-41d037c1d9e9/resourceGroups/cse-ztna-lab-rg0622/providers/Microsoft.Network/virtualNetworks/lab-vnet/subnets/external"
              }
            ],
            "location": "westus2",
            "mac_address": "",
            "name": "fortianalyzer-nic1",
            "private_ip_address": "10.0.0.7",
            "private_ip_addresses": [
              "10.0.0.7"
            ],
            "resource_group_name": "cse-ztna-lab-rg0622",
            "tags": null,
            "timeouts": null,
            "virtual_machine_id": ""
          },
          "sensitive_attributes": [],
          "private": "eyJlMmJmYjczMC1lY2FhLTExZTYtOGY4OC0zNDM2M2JjN2M0YzAiOnsiY3JlYXRlIjoxODAwMDAwMDAwMDAwLCJkZWxldGUiOjE4MDAwMDAwMDAwMDAsInJlYWQiOjMwMDAwMDAwMDAwMCwidXBkYXRlIjoxODAwMDAwMDAwMDAwfX0=",
          "dependencies": [
            "azurerm_public_ip.fortianalyzerpublicip",
            "azurerm_resource_group.resourcegroup",
            "azurerm_subnet.external",
            "azurerm_virtual_network.vnet"
          ]
        }
      ]
    },
    {
      "mode": "managed",
      "type": "azurerm_network_interface",
      "name": "fweb-nic1",
      "provider": "provider[\"registry.terraform.io/hashicorp/azurerm\"]",
      "instances": [
        {
          "schema_version": 0,
          "attributes": {
            "applied_dns_servers": [],
            "dns_servers": [],
            "edge_zone": "",
            "enable_accelerated_networking": false,
            "enable_ip_forwarding": false,
            "id": "/subscriptions/cf72478e-c3b0-4072-8f60-41d037c1d9e9/resourceGroups/cse-ztna-lab-rg0622/providers/Microsoft.Network/networkInterfaces/fweb-nic1",
            "internal_dns_name_label": "",
            "internal_domain_name_suffix": "5mwor2ai053elarjga3luvm0wf.xx.internal.cloudapp.net",
            "ip_configuration": [
              {
                "gateway_load_balancer_frontend_ip_configuration_id": "",
                "name": "fweb-external",
                "primary": true,
                "private_ip_address": "10.0.0.4",
                "private_ip_address_allocation": "Static",
                "private_ip_address_version": "IPv4",
                "public_ip_address_id": "/subscriptions/cf72478e-c3b0-4072-8f60-41d037c1d9e9/resourceGroups/cse-ztna-lab-rg0622/providers/Microsoft.Network/publicIPAddresses/publicip-fweb",
                "subnet_id": "/subscriptions/cf72478e-c3b0-4072-8f60-41d037c1d9e9/resourceGroups/cse-ztna-lab-rg0622/providers/Microsoft.Network/virtualNetworks/lab-vnet/subnets/external"
              }
            ],
            "location": "westus2",
            "mac_address": "",
            "name": "fweb-nic1",
            "private_ip_address": "10.0.0.4",
            "private_ip_addresses": [
              "10.0.0.4"
            ],
            "resource_group_name": "cse-ztna-lab-rg0622",
            "tags": null,
            "timeouts": null,
            "virtual_machine_id": ""
          },
          "sensitive_attributes": [],
          "private": "eyJlMmJmYjczMC1lY2FhLTExZTYtOGY4OC0zNDM2M2JjN2M0YzAiOnsiY3JlYXRlIjoxODAwMDAwMDAwMDAwLCJkZWxldGUiOjE4MDAwMDAwMDAwMDAsInJlYWQiOjMwMDAwMDAwMDAwMCwidXBkYXRlIjoxODAwMDAwMDAwMDAwfX0=",
          "dependencies": [
            "azurerm_public_ip.fwebpublicip",
            "azurerm_resource_group.resourcegroup",
            "azurerm_subnet.external",
            "azurerm_virtual_network.vnet"
          ]
        }
      ]
    },
    {
      "mode": "managed",
      "type": "azurerm_network_interface",
      "name": "fweb-nic2",
      "provider": "provider[\"registry.terraform.io/hashicorp/azurerm\"]",
      "instances": [
        {
          "schema_version": 0,
          "attributes": {
            "applied_dns_servers": [],
            "dns_servers": [],
            "edge_zone": "",
            "enable_accelerated_networking": false,
            "enable_ip_forwarding": false,
            "id": "/subscriptions/cf72478e-c3b0-4072-8f60-41d037c1d9e9/resourceGroups/cse-ztna-lab-rg0622/providers/Microsoft.Network/networkInterfaces/fweb-nic2",
            "internal_dns_name_label": "",
            "internal_domain_name_suffix": "5mwor2ai053elarjga3luvm0wf.xx.internal.cloudapp.net",
            "ip_configuration": [
              {
                "gateway_load_balancer_frontend_ip_configuration_id": "",
                "name": "fweb-internal",
                "primary": true,
                "private_ip_address": "10.0.0.68",
                "private_ip_address_allocation": "Static",
                "private_ip_address_version": "IPv4",
                "public_ip_address_id": "",
                "subnet_id": "/subscriptions/cf72478e-c3b0-4072-8f60-41d037c1d9e9/resourceGroups/cse-ztna-lab-rg0622/providers/Microsoft.Network/virtualNetworks/lab-vnet/subnets/internal"
              }
            ],
            "location": "westus2",
            "mac_address": "",
            "name": "fweb-nic2",
            "private_ip_address": "10.0.0.68",
            "private_ip_addresses": [
              "10.0.0.68"
            ],
            "resource_group_name": "cse-ztna-lab-rg0622",
            "tags": null,
            "timeouts": null,
            "virtual_machine_id": ""
          },
          "sensitive_attributes": [],
          "private": "eyJlMmJmYjczMC1lY2FhLTExZTYtOGY4OC0zNDM2M2JjN2M0YzAiOnsiY3JlYXRlIjoxODAwMDAwMDAwMDAwLCJkZWxldGUiOjE4MDAwMDAwMDAwMDAsInJlYWQiOjMwMDAwMDAwMDAwMCwidXBkYXRlIjoxODAwMDAwMDAwMDAwfX0=",
          "dependencies": [
            "azurerm_resource_group.resourcegroup",
            "azurerm_subnet.internal",
            "azurerm_virtual_network.vnet"
          ]
        }
      ]
    },
    {
      "mode": "managed",
      "type": "azurerm_network_interface",
      "name": "webserver-nic1",
      "provider": "provider[\"registry.terraform.io/hashicorp/azurerm\"]",
      "instances": [
        {
          "schema_version": 0,
          "attributes": {
            "applied_dns_servers": [],
            "dns_servers": [],
            "edge_zone": "",
            "enable_accelerated_networking": false,
            "enable_ip_forwarding": false,
            "id": "/subscriptions/cf72478e-c3b0-4072-8f60-41d037c1d9e9/resourceGroups/cse-ztna-lab-rg0622/providers/Microsoft.Network/networkInterfaces/webserver-nic1",
            "internal_dns_name_label": "",
            "internal_domain_name_suffix": "5mwor2ai053elarjga3luvm0wf.xx.internal.cloudapp.net",
            "ip_configuration": [
              {
                "gateway_load_balancer_frontend_ip_configuration_id": "",
                "name": "webserver-nic1",
                "primary": true,
                "private_ip_address": "10.0.0.69",
                "private_ip_address_allocation": "Static",
                "private_ip_address_version": "IPv4",
                "public_ip_address_id": "/subscriptions/cf72478e-c3b0-4072-8f60-41d037c1d9e9/resourceGroups/cse-ztna-lab-rg0622/providers/Microsoft.Network/publicIPAddresses/webserver-pip",
                "subnet_id": "/subscriptions/cf72478e-c3b0-4072-8f60-41d037c1d9e9/resourceGroups/cse-ztna-lab-rg0622/providers/Microsoft.Network/virtualNetworks/lab-vnet/subnets/internal"
              }
            ],
            "location": "westus2",
            "mac_address": "",
            "name": "webserver-nic1",
            "private_ip_address": "10.0.0.69",
            "private_ip_addresses": [
              "10.0.0.69"
            ],
            "resource_group_name": "cse-ztna-lab-rg0622",
            "tags": null,
            "timeouts": null,
            "virtual_machine_id": ""
          },
          "sensitive_attributes": [],
          "private": "eyJlMmJmYjczMC1lY2FhLTExZTYtOGY4OC0zNDM2M2JjN2M0YzAiOnsiY3JlYXRlIjoxODAwMDAwMDAwMDAwLCJkZWxldGUiOjE4MDAwMDAwMDAwMDAsInJlYWQiOjMwMDAwMDAwMDAwMCwidXBkYXRlIjoxODAwMDAwMDAwMDAwfX0=",
          "dependencies": [
            "azurerm_public_ip.webserverpublicip",
            "azurerm_resource_group.resourcegroup",
            "azurerm_subnet.internal",
            "azurerm_virtual_network.vnet"
          ]
        }
      ]
    },
    {
      "mode": "managed",
      "type": "azurerm_network_interface",
      "name": "windowsclient-nic1",
      "provider": "provider[\"registry.terraform.io/hashicorp/azurerm\"]",
      "instances": [
        {
          "schema_version": 0,
          "attributes": {
            "applied_dns_servers": [],
            "dns_servers": [],
            "edge_zone": "",
            "enable_accelerated_networking": false,
            "enable_ip_forwarding": false,
            "id": "/subscriptions/cf72478e-c3b0-4072-8f60-41d037c1d9e9/resourceGroups/cse-ztna-lab-rg0622/providers/Microsoft.Network/networkInterfaces/windowsclient-internal",
            "internal_dns_name_label": "",
            "internal_domain_name_suffix": "5mwor2ai053elarjga3luvm0wf.xx.internal.cloudapp.net",
            "ip_configuration": [
              {
                "gateway_load_balancer_frontend_ip_configuration_id": "",
                "name": "windowsclient-nic1",
                "primary": true,
                "private_ip_address": "10.0.0.6",
                "private_ip_address_allocation": "Static",
                "private_ip_address_version": "IPv4",
                "public_ip_address_id": "/subscriptions/cf72478e-c3b0-4072-8f60-41d037c1d9e9/resourceGroups/cse-ztna-lab-rg0622/providers/Microsoft.Network/publicIPAddresses/publicip-windowsclient",
                "subnet_id": "/subscriptions/cf72478e-c3b0-4072-8f60-41d037c1d9e9/resourceGroups/cse-ztna-lab-rg0622/providers/Microsoft.Network/virtualNetworks/lab-vnet/subnets/external"
              }
            ],
            "location": "westus2",
            "mac_address": "",
            "name": "windowsclient-internal",
            "private_ip_address": "10.0.0.6",
            "private_ip_addresses": [
              "10.0.0.6"
            ],
            "resource_group_name": "cse-ztna-lab-rg0622",
            "tags": null,
            "timeouts": null,
            "virtual_machine_id": ""
          },
          "sensitive_attributes": [],
          "private": "eyJlMmJmYjczMC1lY2FhLTExZTYtOGY4OC0zNDM2M2JjN2M0YzAiOnsiY3JlYXRlIjoxODAwMDAwMDAwMDAwLCJkZWxldGUiOjE4MDAwMDAwMDAwMDAsInJlYWQiOjMwMDAwMDAwMDAwMCwidXBkYXRlIjoxODAwMDAwMDAwMDAwfX0=",
          "dependencies": [
            "azurerm_public_ip.windowsclientpublicip",
            "azurerm_resource_group.resourcegroup",
            "azurerm_subnet.external",
            "azurerm_virtual_network.vnet"
          ]
        }
      ]
    },
    {
      "mode": "managed",
      "type": "azurerm_network_interface",
      "name": "windowsserver-nic1",
      "provider": "provider[\"registry.terraform.io/hashicorp/azurerm\"]",
      "instances": [
        {
          "schema_version": 0,
          "attributes": {
            "applied_dns_servers": [],
            "dns_servers": [],
            "edge_zone": "",
            "enable_accelerated_networking": false,
            "enable_ip_forwarding": false,
            "id": "/subscriptions/cf72478e-c3b0-4072-8f60-41d037c1d9e9/resourceGroups/cse-ztna-lab-rg0622/providers/Microsoft.Network/networkInterfaces/windowsserver-nic1",
            "internal_dns_name_label": "",
            "internal_domain_name_suffix": "5mwor2ai053elarjga3luvm0wf.xx.internal.cloudapp.net",
            "ip_configuration": [
              {
                "gateway_load_balancer_frontend_ip_configuration_id": "",
                "name": "windowsserver-nic1",
                "primary": true,
                "private_ip_address": "10.0.0.5",
                "private_ip_address_allocation": "Static",
                "private_ip_address_version": "IPv4",
                "public_ip_address_id": "/subscriptions/cf72478e-c3b0-4072-8f60-41d037c1d9e9/resourceGroups/cse-ztna-lab-rg0622/providers/Microsoft.Network/publicIPAddresses/publicip-windowsserver",
                "subnet_id": "/subscriptions/cf72478e-c3b0-4072-8f60-41d037c1d9e9/resourceGroups/cse-ztna-lab-rg0622/providers/Microsoft.Network/virtualNetworks/lab-vnet/subnets/external"
              }
            ],
            "location": "westus2",
            "mac_address": "",
            "name": "windowsserver-nic1",
            "private_ip_address": "10.0.0.5",
            "private_ip_addresses": [
              "10.0.0.5"
            ],
            "resource_group_name": "cse-ztna-lab-rg0622",
            "tags": null,
            "timeouts": null,
            "virtual_machine_id": ""
          },
          "sensitive_attributes": [],
          "private": "eyJlMmJmYjczMC1lY2FhLTExZTYtOGY4OC0zNDM2M2JjN2M0YzAiOnsiY3JlYXRlIjoxODAwMDAwMDAwMDAwLCJkZWxldGUiOjE4MDAwMDAwMDAwMDAsInJlYWQiOjMwMDAwMDAwMDAwMCwidXBkYXRlIjoxODAwMDAwMDAwMDAwfX0=",
          "dependencies": [
            "azurerm_public_ip.winserverpublicip",
            "azurerm_resource_group.resourcegroup",
            "azurerm_subnet.external",
            "azurerm_virtual_network.vnet"
          ]
        }
      ]
    },
    {
      "mode": "managed",
      "type": "azurerm_network_interface_security_group_association",
      "name": "connect_dbserver_nsg",
      "provider": "provider[\"registry.terraform.io/hashicorp/azurerm\"]",
      "instances": [
        {
          "schema_version": 0,
          "attributes": {
            "id": "/subscriptions/cf72478e-c3b0-4072-8f60-41d037c1d9e9/resourceGroups/cse-ztna-lab-rg0622/providers/Microsoft.Network/networkInterfaces/dbserver-nic|/subscriptions/cf72478e-c3b0-4072-8f60-41d037c1d9e9/resourceGroups/cse-ztna-lab-rg0622/providers/Microsoft.Network/networkSecurityGroups/dbserver-nsg",
            "network_interface_id": "/subscriptions/cf72478e-c3b0-4072-8f60-41d037c1d9e9/resourceGroups/cse-ztna-lab-rg0622/providers/Microsoft.Network/networkInterfaces/dbserver-nic",
            "network_security_group_id": "/subscriptions/cf72478e-c3b0-4072-8f60-41d037c1d9e9/resourceGroups/cse-ztna-lab-rg0622/providers/Microsoft.Network/networkSecurityGroups/dbserver-nsg",
            "timeouts": null
          },
          "sensitive_attributes": [],
          "private": "eyJlMmJmYjczMC1lY2FhLTExZTYtOGY4OC0zNDM2M2JjN2M0YzAiOnsiY3JlYXRlIjoxODAwMDAwMDAwMDAwLCJkZWxldGUiOjE4MDAwMDAwMDAwMDAsInJlYWQiOjMwMDAwMDAwMDAwMCwidXBkYXRlIjoxODAwMDAwMDAwMDAwfX0=",
          "dependencies": [
            "azurerm_network_interface.dbserver-nic1",
            "azurerm_network_security_group.dbserver_nsg",
            "azurerm_public_ip.dbserverpublicip",
            "azurerm_resource_group.resourcegroup",
            "azurerm_subnet.internal",
            "azurerm_virtual_network.vnet"
          ]
        }
      ]
    },
    {
      "mode": "managed",
      "type": "azurerm_network_interface_security_group_association",
      "name": "connect_webserver_nsg",
      "provider": "provider[\"registry.terraform.io/hashicorp/azurerm\"]",
      "instances": [
        {
          "schema_version": 0,
          "attributes": {
            "id": "/subscriptions/cf72478e-c3b0-4072-8f60-41d037c1d9e9/resourceGroups/cse-ztna-lab-rg0622/providers/Microsoft.Network/networkInterfaces/webserver-nic1|/subscriptions/cf72478e-c3b0-4072-8f60-41d037c1d9e9/resourceGroups/cse-ztna-lab-rg0622/providers/Microsoft.Network/networkSecurityGroups/webserver-nsg",
            "network_interface_id": "/subscriptions/cf72478e-c3b0-4072-8f60-41d037c1d9e9/resourceGroups/cse-ztna-lab-rg0622/providers/Microsoft.Network/networkInterfaces/webserver-nic1",
            "network_security_group_id": "/subscriptions/cf72478e-c3b0-4072-8f60-41d037c1d9e9/resourceGroups/cse-ztna-lab-rg0622/providers/Microsoft.Network/networkSecurityGroups/webserver-nsg",
            "timeouts": null
          },
          "sensitive_attributes": [],
          "private": "eyJlMmJmYjczMC1lY2FhLTExZTYtOGY4OC0zNDM2M2JjN2M0YzAiOnsiY3JlYXRlIjoxODAwMDAwMDAwMDAwLCJkZWxldGUiOjE4MDAwMDAwMDAwMDAsInJlYWQiOjMwMDAwMDAwMDAwMCwidXBkYXRlIjoxODAwMDAwMDAwMDAwfX0=",
          "dependencies": [
            "azurerm_network_interface.webserver-nic1",
            "azurerm_network_security_group.webserver_nsg",
            "azurerm_public_ip.webserverpublicip",
            "azurerm_resource_group.resourcegroup",
            "azurerm_subnet.internal",
            "azurerm_virtual_network.vnet"
          ]
        }
      ]
    },
    {
      "mode": "managed",
      "type": "azurerm_network_security_group",
      "name": "dbserver_nsg",
      "provider": "provider[\"registry.terraform.io/hashicorp/azurerm\"]",
      "instances": [
        {
          "schema_version": 0,
          "attributes": {
            "id": "/subscriptions/cf72478e-c3b0-4072-8f60-41d037c1d9e9/resourceGroups/cse-ztna-lab-rg0622/providers/Microsoft.Network/networkSecurityGroups/dbserver-nsg",
            "location": "westus2",
            "name": "dbserver-nsg",
            "resource_group_name": "cse-ztna-lab-rg0622",
            "security_rule": [
              {
                "access": "Allow",
                "description": "",
                "destination_address_prefix": "*",
                "destination_address_prefixes": [],
                "destination_application_security_group_ids": [],
                "destination_port_range": "*",
                "destination_port_ranges": [],
                "direction": "Outbound",
                "name": "All-OUT",
                "priority": 1001,
                "protocol": "*",
                "source_address_prefix": "*",
                "source_address_prefixes": [],
                "source_application_security_group_ids": [],
                "source_port_range": "*",
                "source_port_ranges": []
              },
              {
                "access": "Allow",
                "description": "",
                "destination_address_prefix": "*",
                "destination_address_prefixes": [],
                "destination_application_security_group_ids": [],
                "destination_port_range": "22",
                "destination_port_ranges": [],
                "direction": "Inbound",
                "name": "allow_ssh",
                "priority": 1001,
                "protocol": "Tcp",
                "source_address_prefix": "*",
                "source_address_prefixes": [],
                "source_application_security_group_ids": [],
                "source_port_range": "*",
                "source_port_ranges": []
              }
            ],
            "tags": null,
            "timeouts": null
          },
          "sensitive_attributes": [],
          "private": "eyJlMmJmYjczMC1lY2FhLTExZTYtOGY4OC0zNDM2M2JjN2M0YzAiOnsiY3JlYXRlIjoxODAwMDAwMDAwMDAwLCJkZWxldGUiOjE4MDAwMDAwMDAwMDAsInJlYWQiOjMwMDAwMDAwMDAwMCwidXBkYXRlIjoxODAwMDAwMDAwMDAwfX0=",
          "dependencies": [
            "azurerm_resource_group.resourcegroup"
          ]
        }
      ]
    },
    {
      "mode": "managed",
      "type": "azurerm_network_security_group",
      "name": "securitygroup",
      "provider": "provider[\"registry.terraform.io/hashicorp/azurerm\"]",
      "instances": [
        {
          "schema_version": 0,
          "attributes": {
            "id": "/subscriptions/cf72478e-c3b0-4072-8f60-41d037c1d9e9/resourceGroups/cse-ztna-lab-rg0622/providers/Microsoft.Network/networkSecurityGroups/fwb-sg",
            "location": "westus2",
            "name": "fwb-sg",
            "resource_group_name": "cse-ztna-lab-rg0622",
            "security_rule": [
              {
                "access": "Allow",
                "description": "",
                "destination_address_prefix": "*",
                "destination_address_prefixes": [],
                "destination_application_security_group_ids": [],
                "destination_port_range": "*",
                "destination_port_ranges": [],
                "direction": "Inbound",
                "name": "all_inbound",
                "priority": 100,
                "protocol": "Tcp",
                "source_address_prefix": "*",
                "source_address_prefixes": [],
                "source_application_security_group_ids": [],
                "source_port_range": "*",
                "source_port_ranges": []
              },
              {
                "access": "Allow",
                "description": "",
                "destination_address_prefix": "*",
                "destination_address_prefixes": [],
                "destination_application_security_group_ids": [],
                "destination_port_range": "*",
                "destination_port_ranges": [],
                "direction": "Outbound",
                "name": "all_outbound",
                "priority": 100,
                "protocol": "Tcp",
                "source_address_prefix": "*",
                "source_address_prefixes": [],
                "source_application_security_group_ids": [],
                "source_port_range": "*",
                "source_port_ranges": []
              }
            ],
            "tags": null,
            "timeouts": null
          },
          "sensitive_attributes": [],
          "private": "eyJlMmJmYjczMC1lY2FhLTExZTYtOGY4OC0zNDM2M2JjN2M0YzAiOnsiY3JlYXRlIjoxODAwMDAwMDAwMDAwLCJkZWxldGUiOjE4MDAwMDAwMDAwMDAsInJlYWQiOjMwMDAwMDAwMDAwMCwidXBkYXRlIjoxODAwMDAwMDAwMDAwfX0=",
          "dependencies": [
            "azurerm_resource_group.resourcegroup"
          ]
        }
      ]
    },
    {
      "mode": "managed",
      "type": "azurerm_network_security_group",
      "name": "webserver_nsg",
      "provider": "provider[\"registry.terraform.io/hashicorp/azurerm\"]",
      "instances": [
        {
          "schema_version": 0,
          "attributes": {
            "id": "/subscriptions/cf72478e-c3b0-4072-8f60-41d037c1d9e9/resourceGroups/cse-ztna-lab-rg0622/providers/Microsoft.Network/networkSecurityGroups/webserver-nsg",
            "location": "westus2",
            "name": "webserver-nsg",
            "resource_group_name": "cse-ztna-lab-rg0622",
            "security_rule": [
              {
                "access": "Allow",
                "description": "",
                "destination_address_prefix": "*",
                "destination_address_prefixes": [],
                "destination_application_security_group_ids": [],
                "destination_port_range": "*",
                "destination_port_ranges": [],
                "direction": "Outbound",
                "name": "All-OUT",
                "priority": 1001,
                "protocol": "*",
                "source_address_prefix": "*",
                "source_address_prefixes": [],
                "source_application_security_group_ids": [],
                "source_port_range": "*",
                "source_port_ranges": []
              },
              {
                "access": "Allow",
                "description": "",
                "destination_address_prefix": "*",
                "destination_address_prefixes": [],
                "destination_application_security_group_ids": [],
                "destination_port_range": "22",
                "destination_port_ranges": [],
                "direction": "Inbound",
                "name": "allow_ssh",
                "priority": 1001,
                "protocol": "Tcp",
                "source_address_prefix": "*",
                "source_address_prefixes": [],
                "source_application_security_group_ids": [],
                "source_port_range": "*",
                "source_port_ranges": []
              },
              {
                "access": "Allow",
                "description": "",
                "destination_address_prefix": "*",
                "destination_address_prefixes": [],
                "destination_application_security_group_ids": [],
                "destination_port_range": "80",
                "destination_port_ranges": [],
                "direction": "Inbound",
                "name": "allow_http",
                "priority": 1002,
                "protocol": "Tcp",
                "source_address_prefix": "*",
                "source_address_prefixes": [],
                "source_application_security_group_ids": [],
                "source_port_range": "*",
                "source_port_ranges": []
              }
            ],
            "tags": null,
            "timeouts": null
          },
          "sensitive_attributes": [],
          "private": "eyJlMmJmYjczMC1lY2FhLTExZTYtOGY4OC0zNDM2M2JjN2M0YzAiOnsiY3JlYXRlIjoxODAwMDAwMDAwMDAwLCJkZWxldGUiOjE4MDAwMDAwMDAwMDAsInJlYWQiOjMwMDAwMDAwMDAwMCwidXBkYXRlIjoxODAwMDAwMDAwMDAwfX0=",
          "dependencies": [
            "azurerm_resource_group.resourcegroup"
          ]
        }
      ]
    },
    {
      "mode": "managed",
      "type": "azurerm_public_ip",
      "name": "dbserverpublicip",
      "provider": "provider[\"registry.terraform.io/hashicorp/azurerm\"]",
      "instances": [
        {
          "schema_version": 0,
          "attributes": {
            "allocation_method": "Static",
            "ddos_protection_mode": "VirtualNetworkInherited",
            "ddos_protection_plan_id": null,
            "domain_name_label": null,
            "edge_zone": "",
            "fqdn": null,
            "id": "/subscriptions/cf72478e-c3b0-4072-8f60-41d037c1d9e9/resourceGroups/cse-ztna-lab-rg0622/providers/Microsoft.Network/publicIPAddresses/dbserver-pip",
            "idle_timeout_in_minutes": 4,
            "ip_address": "20.230.133.145",
            "ip_tags": null,
            "ip_version": "IPv4",
            "location": "westus2",
            "name": "dbserver-pip",
            "public_ip_prefix_id": null,
            "resource_group_name": "cse-ztna-lab-rg0622",
            "reverse_fqdn": null,
            "sku": "Basic",
            "sku_tier": "Regional",
            "tags": null,
            "timeouts": null,
            "zones": null
          },
          "sensitive_attributes": [],
          "private": "eyJlMmJmYjczMC1lY2FhLTExZTYtOGY4OC0zNDM2M2JjN2M0YzAiOnsiY3JlYXRlIjoxODAwMDAwMDAwMDAwLCJkZWxldGUiOjE4MDAwMDAwMDAwMDAsInJlYWQiOjMwMDAwMDAwMDAwMCwidXBkYXRlIjoxODAwMDAwMDAwMDAwfX0=",
          "dependencies": [
            "azurerm_resource_group.resourcegroup"
          ]
        }
      ]
    },
    {
      "mode": "managed",
      "type": "azurerm_public_ip",
      "name": "fortianalyzerpublicip",
      "provider": "provider[\"registry.terraform.io/hashicorp/azurerm\"]",
      "instances": [
        {
          "schema_version": 0,
          "attributes": {
            "allocation_method": "Static",
            "ddos_protection_mode": "VirtualNetworkInherited",
            "ddos_protection_plan_id": null,
            "domain_name_label": null,
            "edge_zone": "",
            "fqdn": null,
            "id": "/subscriptions/cf72478e-c3b0-4072-8f60-41d037c1d9e9/resourceGroups/cse-ztna-lab-rg0622/providers/Microsoft.Network/publicIPAddresses/fortianalyzer-pip",
            "idle_timeout_in_minutes": 4,
            "ip_address": "20.230.201.90",
            "ip_tags": null,
            "ip_version": "IPv4",
            "location": "westus2",
            "name": "fortianalyzer-pip",
            "public_ip_prefix_id": null,
            "resource_group_name": "cse-ztna-lab-rg0622",
            "reverse_fqdn": null,
            "sku": "Basic",
            "sku_tier": "Regional",
            "tags": null,
            "timeouts": null,
            "zones": null
          },
          "sensitive_attributes": [],
          "private": "eyJlMmJmYjczMC1lY2FhLTExZTYtOGY4OC0zNDM2M2JjN2M0YzAiOnsiY3JlYXRlIjoxODAwMDAwMDAwMDAwLCJkZWxldGUiOjE4MDAwMDAwMDAwMDAsInJlYWQiOjMwMDAwMDAwMDAwMCwidXBkYXRlIjoxODAwMDAwMDAwMDAwfX0=",
          "dependencies": [
            "azurerm_resource_group.resourcegroup"
          ]
        }
      ]
    },
    {
      "mode": "managed",
      "type": "azurerm_public_ip",
      "name": "fwebpublicip",
      "provider": "provider[\"registry.terraform.io/hashicorp/azurerm\"]",
      "instances": [
        {
          "schema_version": 0,
          "attributes": {
            "allocation_method": "Static",
            "ddos_protection_mode": "VirtualNetworkInherited",
            "ddos_protection_plan_id": null,
            "domain_name_label": null,
            "edge_zone": "",
            "fqdn": null,
            "id": "/subscriptions/cf72478e-c3b0-4072-8f60-41d037c1d9e9/resourceGroups/cse-ztna-lab-rg0622/providers/Microsoft.Network/publicIPAddresses/publicip-fweb",
            "idle_timeout_in_minutes": 4,
            "ip_address": "20.230.132.245",
            "ip_tags": null,
            "ip_version": "IPv4",
            "location": "westus2",
            "name": "publicip-fweb",
            "public_ip_prefix_id": null,
            "resource_group_name": "cse-ztna-lab-rg0622",
            "reverse_fqdn": null,
            "sku": "Basic",
            "sku_tier": "Regional",
            "tags": null,
            "timeouts": null,
            "zones": null
          },
          "sensitive_attributes": [],
          "private": "eyJlMmJmYjczMC1lY2FhLTExZTYtOGY4OC0zNDM2M2JjN2M0YzAiOnsiY3JlYXRlIjoxODAwMDAwMDAwMDAwLCJkZWxldGUiOjE4MDAwMDAwMDAwMDAsInJlYWQiOjMwMDAwMDAwMDAwMCwidXBkYXRlIjoxODAwMDAwMDAwMDAwfX0=",
          "dependencies": [
            "azurerm_resource_group.resourcegroup"
          ]
        }
      ]
    },
    {
      "mode": "managed",
      "type": "azurerm_public_ip",
      "name": "webserverpublicip",
      "provider": "provider[\"registry.terraform.io/hashicorp/azurerm\"]",
      "instances": [
        {
          "schema_version": 0,
          "attributes": {
            "allocation_method": "Static",
            "ddos_protection_mode": "VirtualNetworkInherited",
            "ddos_protection_plan_id": null,
            "domain_name_label": null,
            "edge_zone": "",
            "fqdn": null,
            "id": "/subscriptions/cf72478e-c3b0-4072-8f60-41d037c1d9e9/resourceGroups/cse-ztna-lab-rg0622/providers/Microsoft.Network/publicIPAddresses/webserver-pip",
            "idle_timeout_in_minutes": 4,
            "ip_address": "20.230.134.118",
            "ip_tags": null,
            "ip_version": "IPv4",
            "location": "westus2",
            "name": "webserver-pip",
            "public_ip_prefix_id": null,
            "resource_group_name": "cse-ztna-lab-rg0622",
            "reverse_fqdn": null,
            "sku": "Basic",
            "sku_tier": "Regional",
            "tags": null,
            "timeouts": null,
            "zones": null
          },
          "sensitive_attributes": [],
          "private": "eyJlMmJmYjczMC1lY2FhLTExZTYtOGY4OC0zNDM2M2JjN2M0YzAiOnsiY3JlYXRlIjoxODAwMDAwMDAwMDAwLCJkZWxldGUiOjE4MDAwMDAwMDAwMDAsInJlYWQiOjMwMDAwMDAwMDAwMCwidXBkYXRlIjoxODAwMDAwMDAwMDAwfX0=",
          "dependencies": [
            "azurerm_resource_group.resourcegroup"
          ]
        }
      ]
    },
    {
      "mode": "managed",
      "type": "azurerm_public_ip",
      "name": "windowsclientpublicip",
      "provider": "provider[\"registry.terraform.io/hashicorp/azurerm\"]",
      "instances": [
        {
          "schema_version": 0,
          "attributes": {
            "allocation_method": "Static",
            "ddos_protection_mode": "VirtualNetworkInherited",
            "ddos_protection_plan_id": null,
            "domain_name_label": null,
            "edge_zone": "",
            "fqdn": null,
            "id": "/subscriptions/cf72478e-c3b0-4072-8f60-41d037c1d9e9/resourceGroups/cse-ztna-lab-rg0622/providers/Microsoft.Network/publicIPAddresses/publicip-windowsclient",
            "idle_timeout_in_minutes": 4,
            "ip_address": "20.230.201.88",
            "ip_tags": null,
            "ip_version": "IPv4",
            "location": "westus2",
            "name": "publicip-windowsclient",
            "public_ip_prefix_id": null,
            "resource_group_name": "cse-ztna-lab-rg0622",
            "reverse_fqdn": null,
            "sku": "Basic",
            "sku_tier": "Regional",
            "tags": null,
            "timeouts": null,
            "zones": null
          },
          "sensitive_attributes": [],
          "private": "eyJlMmJmYjczMC1lY2FhLTExZTYtOGY4OC0zNDM2M2JjN2M0YzAiOnsiY3JlYXRlIjoxODAwMDAwMDAwMDAwLCJkZWxldGUiOjE4MDAwMDAwMDAwMDAsInJlYWQiOjMwMDAwMDAwMDAwMCwidXBkYXRlIjoxODAwMDAwMDAwMDAwfX0=",
          "dependencies": [
            "azurerm_resource_group.resourcegroup"
          ]
        }
      ]
    },
    {
      "mode": "managed",
      "type": "azurerm_public_ip",
      "name": "winserverpublicip",
      "provider": "provider[\"registry.terraform.io/hashicorp/azurerm\"]",
      "instances": [
        {
          "schema_version": 0,
          "attributes": {
            "allocation_method": "Static",
            "ddos_protection_mode": "VirtualNetworkInherited",
            "ddos_protection_plan_id": null,
            "domain_name_label": null,
            "edge_zone": "",
            "fqdn": null,
            "id": "/subscriptions/cf72478e-c3b0-4072-8f60-41d037c1d9e9/resourceGroups/cse-ztna-lab-rg0622/providers/Microsoft.Network/publicIPAddresses/publicip-windowsserver",
            "idle_timeout_in_minutes": 4,
            "ip_address": "20.230.201.143",
            "ip_tags": null,
            "ip_version": "IPv4",
            "location": "westus2",
            "name": "publicip-windowsserver",
            "public_ip_prefix_id": null,
            "resource_group_name": "cse-ztna-lab-rg0622",
            "reverse_fqdn": null,
            "sku": "Basic",
            "sku_tier": "Regional",
            "tags": null,
            "timeouts": null,
            "zones": null
          },
          "sensitive_attributes": [],
          "private": "eyJlMmJmYjczMC1lY2FhLTExZTYtOGY4OC0zNDM2M2JjN2M0YzAiOnsiY3JlYXRlIjoxODAwMDAwMDAwMDAwLCJkZWxldGUiOjE4MDAwMDAwMDAwMDAsInJlYWQiOjMwMDAwMDAwMDAwMCwidXBkYXRlIjoxODAwMDAwMDAwMDAwfX0=",
          "dependencies": [
            "azurerm_resource_group.resourcegroup"
          ]
        }
      ]
    },
    {
      "mode": "managed",
      "type": "azurerm_resource_group",
      "name": "resourcegroup",
      "provider": "provider[\"registry.terraform.io/hashicorp/azurerm\"]",
      "instances": [
        {
          "schema_version": 0,
          "attributes": {
            "id": "/subscriptions/cf72478e-c3b0-4072-8f60-41d037c1d9e9/resourceGroups/cse-ztna-lab-rg0622",
            "location": "westus2",
            "name": "cse-ztna-lab-rg0622",
            "tags": null,
            "timeouts": null
          },
          "sensitive_attributes": [],
          "private": "eyJlMmJmYjczMC1lY2FhLTExZTYtOGY4OC0zNDM2M2JjN2M0YzAiOnsiY3JlYXRlIjo1NDAwMDAwMDAwMDAwLCJkZWxldGUiOjU0MDAwMDAwMDAwMDAsInJlYWQiOjMwMDAwMDAwMDAwMCwidXBkYXRlIjo1NDAwMDAwMDAwMDAwfX0="
        }
      ]
    },
    {
      "mode": "managed",
      "type": "azurerm_storage_account",
      "name": "fwebstorageaccount",
      "provider": "provider[\"registry.terraform.io/hashicorp/azurerm\"]",
      "instances": [
        {
          "schema_version": 3,
          "attributes": {
            "access_tier": "Hot",
            "account_kind": "StorageV2",
            "account_replication_type": "LRS",
            "account_tier": "Standard",
            "allow_nested_items_to_be_public": true,
            "allowed_copy_scope": "",
            "azure_files_authentication": [],
            "blob_properties": [
              {
                "change_feed_enabled": false,
                "change_feed_retention_in_days": 0,
                "container_delete_retention_policy": [],
                "cors_rule": [],
                "default_service_version": "",
                "delete_retention_policy": [],
                "last_access_time_enabled": false,
                "restore_policy": [],
                "versioning_enabled": false
              }
            ],
            "cross_tenant_replication_enabled": true,
            "custom_domain": [],
            "customer_managed_key": [],
            "default_to_oauth_authentication": false,
            "edge_zone": "",
            "enable_https_traffic_only": true,
            "id": "/subscriptions/cf72478e-c3b0-4072-8f60-41d037c1d9e9/resourceGroups/cse-ztna-lab-rg0622/providers/Microsoft.Storage/storageAccounts/fwebstorageaccountxuc2hi",
            "identity": [],
            "immutability_policy": [],
            "infrastructure_encryption_enabled": false,
            "is_hns_enabled": false,
            "large_file_share_enabled": null,
            "location": "westus2",
            "min_tls_version": "TLS1_2",
            "name": "fwebstorageaccountxuc2hi",
            "network_rules": [
              {
                "bypass": [
                  "AzureServices"
                ],
                "default_action": "Allow",
                "ip_rules": [],
                "private_link_access": [],
                "virtual_network_subnet_ids": []
              }
            ],
            "nfsv3_enabled": false,
            "primary_access_key": "lPJ4AFyBlWrKs0z7LwY4gYDP6mHZmlipMO7KRnBGycExXr+Ne9CrzD5+qTjgG93C9eMKuCMzDrML+AStYuMLig==",
            "primary_blob_connection_string": "DefaultEndpointsProtocol=https;BlobEndpoint=https://fwebstorageaccountxuc2hi.blob.core.windows.net/;AccountName=fwebstorageaccountxuc2hi;AccountKey=lPJ4AFyBlWrKs0z7LwY4gYDP6mHZmlipMO7KRnBGycExXr+Ne9CrzD5+qTjgG93C9eMKuCMzDrML+AStYuMLig==",
            "primary_blob_endpoint": "https://fwebstorageaccountxuc2hi.blob.core.windows.net/",
            "primary_blob_host": "fwebstorageaccountxuc2hi.blob.core.windows.net",
            "primary_connection_string": "DefaultEndpointsProtocol=https;AccountName=fwebstorageaccountxuc2hi;AccountKey=lPJ4AFyBlWrKs0z7LwY4gYDP6mHZmlipMO7KRnBGycExXr+Ne9CrzD5+qTjgG93C9eMKuCMzDrML+AStYuMLig==;EndpointSuffix=core.windows.net",
            "primary_dfs_endpoint": "https://fwebstorageaccountxuc2hi.dfs.core.windows.net/",
            "primary_dfs_host": "fwebstorageaccountxuc2hi.dfs.core.windows.net",
            "primary_file_endpoint": "https://fwebstorageaccountxuc2hi.file.core.windows.net/",
            "primary_file_host": "fwebstorageaccountxuc2hi.file.core.windows.net",
            "primary_location": "westus2",
            "primary_queue_endpoint": "https://fwebstorageaccountxuc2hi.queue.core.windows.net/",
            "primary_queue_host": "fwebstorageaccountxuc2hi.queue.core.windows.net",
            "primary_table_endpoint": "https://fwebstorageaccountxuc2hi.table.core.windows.net/",
            "primary_table_host": "fwebstorageaccountxuc2hi.table.core.windows.net",
            "primary_web_endpoint": "https://fwebstorageaccountxuc2hi.z5.web.core.windows.net/",
            "primary_web_host": "fwebstorageaccountxuc2hi.z5.web.core.windows.net",
            "public_network_access_enabled": true,
            "queue_encryption_key_type": "Service",
            "queue_properties": [
              {
                "cors_rule": [],
                "hour_metrics": [
                  {
                    "enabled": true,
                    "include_apis": true,
                    "retention_policy_days": 7,
                    "version": "1.0"
                  }
                ],
                "logging": [
                  {
                    "delete": false,
                    "read": false,
                    "retention_policy_days": 0,
                    "version": "1.0",
                    "write": false
                  }
                ],
                "minute_metrics": [
                  {
                    "enabled": false,
                    "include_apis": false,
                    "retention_policy_days": 0,
                    "version": "1.0"
                  }
                ]
              }
            ],
            "resource_group_name": "cse-ztna-lab-rg0622",
            "routing": [],
            "sas_policy": [],
            "secondary_access_key": "G8trC8IL/hKjhMLMfatqwPGiNuqn9yTJD/TQs63pFvwjIPUHfJfsIzFvbbSnsTap/RVcb2bcOJcU+AStrQjS9g==",
            "secondary_blob_connection_string": "",
            "secondary_blob_endpoint": null,
            "secondary_blob_host": null,
            "secondary_connection_string": "DefaultEndpointsProtocol=https;AccountName=fwebstorageaccountxuc2hi;AccountKey=G8trC8IL/hKjhMLMfatqwPGiNuqn9yTJD/TQs63pFvwjIPUHfJfsIzFvbbSnsTap/RVcb2bcOJcU+AStrQjS9g==;EndpointSuffix=core.windows.net",
            "secondary_dfs_endpoint": null,
            "secondary_dfs_host": null,
            "secondary_file_endpoint": null,
            "secondary_file_host": null,
            "secondary_location": "",
            "secondary_queue_endpoint": null,
            "secondary_queue_host": null,
            "secondary_table_endpoint": null,
            "secondary_table_host": null,
            "secondary_web_endpoint": null,
            "secondary_web_host": null,
            "sftp_enabled": false,
            "share_properties": [
              {
                "cors_rule": [],
                "retention_policy": [
                  {
                    "days": 7
                  }
                ],
                "smb": []
              }
            ],
            "shared_access_key_enabled": true,
            "static_website": [],
            "table_encryption_key_type": "Service",
            "tags": null,
            "timeouts": null
          },
          "sensitive_attributes": [],
          "private": "eyJlMmJmYjczMC1lY2FhLTExZTYtOGY4OC0zNDM2M2JjN2M0YzAiOnsiY3JlYXRlIjozNjAwMDAwMDAwMDAwLCJkZWxldGUiOjM2MDAwMDAwMDAwMDAsInJlYWQiOjMwMDAwMDAwMDAwMCwidXBkYXRlIjozNjAwMDAwMDAwMDAwfSwic2NoZW1hX3ZlcnNpb24iOiIzIn0=",
          "dependencies": [
            "azurerm_resource_group.resourcegroup",
            "random_string.random"
          ]
        }
      ]
    },
    {
      "mode": "managed",
      "type": "azurerm_subnet",
      "name": "external",
      "provider": "provider[\"registry.terraform.io/hashicorp/azurerm\"]",
      "instances": [
        {
          "schema_version": 0,
          "attributes": {
            "address_prefixes": [
              "10.0.0.0/26"
            ],
            "delegation": [],
            "enforce_private_link_endpoint_network_policies": false,
            "enforce_private_link_service_network_policies": false,
            "id": "/subscriptions/cf72478e-c3b0-4072-8f60-41d037c1d9e9/resourceGroups/cse-ztna-lab-rg0622/providers/Microsoft.Network/virtualNetworks/lab-vnet/subnets/external",
            "name": "external",
            "private_endpoint_network_policies_enabled": true,
            "private_link_service_network_policies_enabled": true,
            "resource_group_name": "cse-ztna-lab-rg0622",
            "service_endpoint_policy_ids": null,
            "service_endpoints": null,
            "timeouts": null,
            "virtual_network_name": "lab-vnet"
          },
          "sensitive_attributes": [],
          "private": "eyJlMmJmYjczMC1lY2FhLTExZTYtOGY4OC0zNDM2M2JjN2M0YzAiOnsiY3JlYXRlIjoxODAwMDAwMDAwMDAwLCJkZWxldGUiOjE4MDAwMDAwMDAwMDAsInJlYWQiOjMwMDAwMDAwMDAwMCwidXBkYXRlIjoxODAwMDAwMDAwMDAwfX0=",
          "dependencies": [
            "azurerm_resource_group.resourcegroup",
            "azurerm_virtual_network.vnet"
          ]
        }
      ]
    },
    {
      "mode": "managed",
      "type": "azurerm_subnet",
      "name": "internal",
      "provider": "provider[\"registry.terraform.io/hashicorp/azurerm\"]",
      "instances": [
        {
          "schema_version": 0,
          "attributes": {
            "address_prefixes": [
              "10.0.0.64/26"
            ],
            "delegation": [],
            "enforce_private_link_endpoint_network_policies": false,
            "enforce_private_link_service_network_policies": false,
            "id": "/subscriptions/cf72478e-c3b0-4072-8f60-41d037c1d9e9/resourceGroups/cse-ztna-lab-rg0622/providers/Microsoft.Network/virtualNetworks/lab-vnet/subnets/internal",
            "name": "internal",
            "private_endpoint_network_policies_enabled": true,
            "private_link_service_network_policies_enabled": true,
            "resource_group_name": "cse-ztna-lab-rg0622",
            "service_endpoint_policy_ids": null,
            "service_endpoints": null,
            "timeouts": null,
            "virtual_network_name": "lab-vnet"
          },
          "sensitive_attributes": [],
          "private": "eyJlMmJmYjczMC1lY2FhLTExZTYtOGY4OC0zNDM2M2JjN2M0YzAiOnsiY3JlYXRlIjoxODAwMDAwMDAwMDAwLCJkZWxldGUiOjE4MDAwMDAwMDAwMDAsInJlYWQiOjMwMDAwMDAwMDAwMCwidXBkYXRlIjoxODAwMDAwMDAwMDAwfX0=",
          "dependencies": [
            "azurerm_resource_group.resourcegroup",
            "azurerm_virtual_network.vnet"
          ]
        }
      ]
    },
    {
      "mode": "managed",
      "type": "azurerm_virtual_machine",
      "name": "fazvm",
      "provider": "provider[\"registry.terraform.io/hashicorp/azurerm\"]",
      "instances": [
        {
          "schema_version": 0,
          "attributes": {
            "additional_capabilities": [],
            "availability_set_id": null,
            "boot_diagnostics": [],
            "delete_data_disks_on_termination": true,
            "delete_os_disk_on_termination": true,
            "id": "/subscriptions/cf72478e-c3b0-4072-8f60-41d037c1d9e9/resourceGroups/cse-ztna-lab-rg0622/providers/Microsoft.Compute/virtualMachines/fortianalyzer-vm",
            "identity": [
              {
                "identity_ids": null,
                "principal_id": "1ced966d-6b84-404f-82b2-167f1bc4c356",
                "type": "SystemAssigned"
              }
            ],
            "license_type": null,
            "location": "westus2",
            "name": "fortianalyzer-vm",
            "network_interface_ids": [
              "/subscriptions/cf72478e-c3b0-4072-8f60-41d037c1d9e9/resourceGroups/cse-ztna-lab-rg0622/providers/Microsoft.Network/networkInterfaces/fortianalyzer-nic1"
            ],
            "os_profile": [
              {
                "admin_password": "S3cur3P4ssw0rd123!",
                "admin_username": "cloudteam",
                "computer_name": "fortianalyzer-vm",
                "custom_data": "8d1aa7ebbf1c2c7a98144586c4d9ccfa371a0bef"
              }
            ],
            "os_profile_linux_config": [
              {
                "disable_password_authentication": false,
                "ssh_keys": []
              }
            ],
            "os_profile_secrets": [],
            "os_profile_windows_config": [],
            "plan": [
              {
                "name": "fortinet-fortianalyzer",
                "product": "fortinet-fortianalyzer",
                "publisher": "fortinet"
              }
            ],
            "primary_network_interface_id": "/subscriptions/cf72478e-c3b0-4072-8f60-41d037c1d9e9/resourceGroups/cse-ztna-lab-rg0622/providers/Microsoft.Network/networkInterfaces/fortianalyzer-nic1",
            "proximity_placement_group_id": null,
            "resource_group_name": "cse-ztna-lab-rg0622",
            "storage_data_disk": [
              {
                "caching": "ReadWrite",
                "create_option": "Empty",
                "disk_size_gb": 50,
                "lun": 0,
                "managed_disk_id": "/subscriptions/cf72478e-c3b0-4072-8f60-41d037c1d9e9/resourceGroups/cse-ztna-lab-rg0622/providers/Microsoft.Compute/disks/fortianalyzer-datadisk",
                "managed_disk_type": "Standard_LRS",
                "name": "fortianalyzer-datadisk",
                "vhd_uri": "",
                "write_accelerator_enabled": false
              }
            ],
            "storage_image_reference": [
              {
                "id": "",
                "offer": "fortinet-fortianalyzer",
                "publisher": "fortinet",
                "sku": "fortinet-fortianalyzer",
                "version": "latest"
              }
            ],
            "storage_os_disk": [
              {
                "caching": "ReadWrite",
                "create_option": "FromImage",
                "disk_size_gb": 4,
                "image_uri": "",
                "managed_disk_id": "/subscriptions/cf72478e-c3b0-4072-8f60-41d037c1d9e9/resourceGroups/cse-ztna-lab-rg0622/providers/Microsoft.Compute/disks/fortianalyzer-osdisk",
                "managed_disk_type": "Standard_LRS",
                "name": "fortianalyzer-osdisk",
                "os_type": "Linux",
                "vhd_uri": "",
                "write_accelerator_enabled": false
              }
            ],
            "tags": null,
            "timeouts": null,
            "vm_size": "Standard_DS4_v2",
            "zones": null
          },
          "sensitive_attributes": [],
          "private": "eyJlMmJmYjczMC1lY2FhLTExZTYtOGY4OC0zNDM2M2JjN2M0YzAiOnsiY3JlYXRlIjozNjAwMDAwMDAwMDAwLCJkZWxldGUiOjM2MDAwMDAwMDAwMDAsInJlYWQiOjMwMDAwMDAwMDAwMCwidXBkYXRlIjozNjAwMDAwMDAwMDAwfX0=",
          "dependencies": [
            "azurerm_network_interface.fortianalyzer-nic1",
            "azurerm_public_ip.fortianalyzerpublicip",
            "azurerm_resource_group.resourcegroup",
            "azurerm_subnet.external",
            "azurerm_virtual_network.vnet",
            "data.fortiflexvm_groups_nexttoken.faz_free_token",
            "data.template_file.faz_custom_data",
            "fortiflexvm_vms_create.register_faz"
          ]
        }
      ]
    },
    {
      "mode": "managed",
      "type": "azurerm_virtual_machine",
      "name": "fwebvm",
      "provider": "provider[\"registry.terraform.io/hashicorp/azurerm\"]",
      "instances": [
        {
          "schema_version": 0,
          "attributes": {
            "additional_capabilities": [],
            "availability_set_id": null,
            "boot_diagnostics": [
              {
                "enabled": true,
                "storage_uri": "https://fwebstorageaccountxuc2hi.blob.core.windows.net/"
              }
            ],
            "delete_data_disks_on_termination": true,
            "delete_os_disk_on_termination": true,
            "id": "/subscriptions/cf72478e-c3b0-4072-8f60-41d037c1d9e9/resourceGroups/cse-ztna-lab-rg0622/providers/Microsoft.Compute/virtualMachines/fwebvm",
            "identity": [],
            "license_type": null,
            "location": "westus2",
            "name": "fwebvm",
            "network_interface_ids": [
              "/subscriptions/cf72478e-c3b0-4072-8f60-41d037c1d9e9/resourceGroups/cse-ztna-lab-rg0622/providers/Microsoft.Network/networkInterfaces/fweb-nic1",
              "/subscriptions/cf72478e-c3b0-4072-8f60-41d037c1d9e9/resourceGroups/cse-ztna-lab-rg0622/providers/Microsoft.Network/networkInterfaces/fweb-nic2"
            ],
            "os_profile": [
              {
                "admin_password": "",
                "admin_username": "cloudteam",
                "computer_name": "fwebvm",
                "custom_data": ""
              }
            ],
            "os_profile_linux_config": [
              {
                "disable_password_authentication": false,
                "ssh_keys": []
              }
            ],
            "os_profile_secrets": [],
            "os_profile_windows_config": [],
            "plan": [
              {
                "name": "fortinet_fw-vm",
                "product": "fortinet_fortiweb-vm_v5",
                "publisher": "fortinet"
              }
            ],
            "primary_network_interface_id": "/subscriptions/cf72478e-c3b0-4072-8f60-41d037c1d9e9/resourceGroups/cse-ztna-lab-rg0622/providers/Microsoft.Network/networkInterfaces/fweb-nic1",
            "proximity_placement_group_id": null,
            "resource_group_name": "cse-ztna-lab-rg0622",
            "storage_data_disk": [
              {
                "caching": "None",
                "create_option": "Empty",
                "disk_size_gb": 30,
                "lun": 0,
                "managed_disk_id": "/subscriptions/cf72478e-c3b0-4072-8f60-41d037c1d9e9/resourceGroups/cse-ztna-lab-rg0622/providers/Microsoft.Compute/disks/disk_data_fweb",
                "managed_disk_type": "Standard_LRS",
                "name": "disk_data_fweb",
                "vhd_uri": "",
                "write_accelerator_enabled": false
              }
            ],
            "storage_image_reference": [
              {
                "id": "",
                "offer": "fortinet_fortiweb-vm_v5",
                "publisher": "fortinet",
                "sku": "fortinet_fw-vm",
                "version": "latest"
              }
            ],
            "storage_os_disk": [
              {
                "caching": "ReadWrite",
                "create_option": "FromImage",
                "disk_size_gb": 2,
                "image_uri": "",
                "managed_disk_id": "/subscriptions/cf72478e-c3b0-4072-8f60-41d037c1d9e9/resourceGroups/cse-ztna-lab-rg0622/providers/Microsoft.Compute/disks/disk_os_fweb",
                "managed_disk_type": "Premium_LRS",
                "name": "disk_os_fweb",
                "os_type": "Linux",
                "vhd_uri": "",
                "write_accelerator_enabled": false
              }
            ],
            "tags": {
              "environment": "CloudTeam QBR"
            },
            "timeouts": null,
            "vm_size": "Standard_F2s",
            "zones": null
          },
          "sensitive_attributes": [],
          "private": "eyJlMmJmYjczMC1lY2FhLTExZTYtOGY4OC0zNDM2M2JjN2M0YzAiOnsiY3JlYXRlIjozNjAwMDAwMDAwMDAwLCJkZWxldGUiOjM2MDAwMDAwMDAwMDAsInJlYWQiOjMwMDAwMDAwMDAwMCwidXBkYXRlIjozNjAwMDAwMDAwMDAwfX0=",
          "dependencies": [
            "azurerm_network_interface.fweb-nic1",
            "azurerm_network_interface.fweb-nic2",
            "azurerm_public_ip.fwebpublicip",
            "azurerm_resource_group.resourcegroup",
            "azurerm_storage_account.fwebstorageaccount",
            "azurerm_subnet.external",
            "azurerm_subnet.internal",
            "azurerm_virtual_network.vnet",
            "random_string.random"
          ]
        }
      ]
    },
    {
      "mode": "managed",
      "type": "azurerm_virtual_machine_extension",
      "name": "cloudinit",
      "provider": "provider[\"registry.terraform.io/hashicorp/azurerm\"]",
      "instances": [
        {
          "schema_version": 0,
          "attributes": {
            "auto_upgrade_minor_version": false,
            "automatic_upgrade_enabled": false,
            "failure_suppression_enabled": false,
            "id": "/subscriptions/cf72478e-c3b0-4072-8f60-41d037c1d9e9/resourceGroups/cse-ztna-lab-rg0622/providers/Microsoft.Compute/virtualMachines/windowsserver/extensions/cloudinit",
            "name": "cloudinit",
            "protected_settings": null,
            "protected_settings_from_key_vault": [],
            "publisher": "Microsoft.Compute",
            "settings": "{\"commandToExecute\":\"powershell -ExecutionPolicy unrestricted -NoProfile -NonInteractive -command \\\"cp c:/azuredata/customdata.bin c:/azuredata/srija.ps1; c:/azuredata/srija.ps1\\\"\"}",
            "tags": null,
            "timeouts": {
              "create": "60m",
              "delete": "2h",
              "read": null,
              "update": null
            },
            "type": "CustomScriptExtension",
            "type_handler_version": "1.10",
            "virtual_machine_id": "/subscriptions/cf72478e-c3b0-4072-8f60-41d037c1d9e9/resourceGroups/cse-ztna-lab-rg0622/providers/Microsoft.Compute/virtualMachines/windowsserver"
          },
          "sensitive_attributes": [],
          "private": "eyJlMmJmYjczMC1lY2FhLTExZTYtOGY4OC0zNDM2M2JjN2M0YzAiOnsiY3JlYXRlIjozNjAwMDAwMDAwMDAwLCJkZWxldGUiOjcyMDAwMDAwMDAwMDAsInJlYWQiOjMwMDAwMDAwMDAwMCwidXBkYXRlIjoxODAwMDAwMDAwMDAwfX0=",
          "dependencies": [
            "azurerm_network_interface.windowsserver-nic1",
            "azurerm_public_ip.winserverpublicip",
            "azurerm_resource_group.resourcegroup",
            "azurerm_subnet.external",
            "azurerm_virtual_network.vnet",
            "azurerm_windows_virtual_machine.windowsserver"
          ]
        }
      ]
    },
    {
      "mode": "managed",
      "type": "azurerm_virtual_machine_extension",
      "name": "cloudinitclient",
      "provider": "provider[\"registry.terraform.io/hashicorp/azurerm\"]",
      "instances": [
        {
          "schema_version": 0,
          "attributes": {
            "auto_upgrade_minor_version": false,
            "automatic_upgrade_enabled": false,
            "failure_suppression_enabled": false,
            "id": "/subscriptions/cf72478e-c3b0-4072-8f60-41d037c1d9e9/resourceGroups/cse-ztna-lab-rg0622/providers/Microsoft.Compute/virtualMachines/windowsclient/extensions/cloudinitclient",
            "name": "cloudinitclient",
            "protected_settings": null,
            "protected_settings_from_key_vault": [],
            "publisher": "Microsoft.Compute",
            "settings": "{\"commandToExecute\":\"powershell -ExecutionPolicy unrestricted -NoProfile -NonInteractive -command \\\"cp c:/azuredata/customdata.bin c:/azuredata/forticlientinstall.ps1; c:/azuredata/forticlientinstall.ps1\\\"\"}",
            "tags": null,
            "timeouts": null,
            "type": "CustomScriptExtension",
            "type_handler_version": "1.10",
            "virtual_machine_id": "/subscriptions/cf72478e-c3b0-4072-8f60-41d037c1d9e9/resourceGroups/cse-ztna-lab-rg0622/providers/Microsoft.Compute/virtualMachines/windowsclient"
          },
          "sensitive_attributes": [],
          "private": "eyJlMmJmYjczMC1lY2FhLTExZTYtOGY4OC0zNDM2M2JjN2M0YzAiOnsiY3JlYXRlIjoxODAwMDAwMDAwMDAwLCJkZWxldGUiOjE4MDAwMDAwMDAwMDAsInJlYWQiOjMwMDAwMDAwMDAwMCwidXBkYXRlIjoxODAwMDAwMDAwMDAwfX0=",
          "dependencies": [
            "azurerm_network_interface.windowsclient-nic1",
            "azurerm_public_ip.windowsclientpublicip",
            "azurerm_resource_group.resourcegroup",
            "azurerm_subnet.external",
            "azurerm_virtual_network.vnet",
            "azurerm_windows_virtual_machine.windowsclient"
          ]
        }
      ]
    },
    {
      "mode": "managed",
      "type": "azurerm_virtual_network",
      "name": "vnet",
      "provider": "provider[\"registry.terraform.io/hashicorp/azurerm\"]",
      "instances": [
        {
          "schema_version": 0,
          "attributes": {
            "address_space": [
              "10.0.0.0/22"
            ],
            "bgp_community": "",
            "ddos_protection_plan": [],
            "dns_servers": [],
            "edge_zone": "",
            "flow_timeout_in_minutes": 0,
            "guid": "f0e82cfb-d708-45fa-8229-303aba559ab5",
            "id": "/subscriptions/cf72478e-c3b0-4072-8f60-41d037c1d9e9/resourceGroups/cse-ztna-lab-rg0622/providers/Microsoft.Network/virtualNetworks/lab-vnet",
            "location": "westus2",
            "name": "lab-vnet",
            "resource_group_name": "cse-ztna-lab-rg0622",
            "subnet": [],
            "tags": null,
            "timeouts": null
          },
          "sensitive_attributes": [],
          "private": "eyJlMmJmYjczMC1lY2FhLTExZTYtOGY4OC0zNDM2M2JjN2M0YzAiOnsiY3JlYXRlIjoxODAwMDAwMDAwMDAwLCJkZWxldGUiOjE4MDAwMDAwMDAwMDAsInJlYWQiOjMwMDAwMDAwMDAwMCwidXBkYXRlIjoxODAwMDAwMDAwMDAwfX0=",
          "dependencies": [
            "azurerm_resource_group.resourcegroup"
          ]
        }
      ]
    },
    {
      "mode": "managed",
      "type": "azurerm_windows_virtual_machine",
      "name": "windowsclient",
      "provider": "provider[\"registry.terraform.io/hashicorp/azurerm\"]",
      "instances": [
        {
          "schema_version": 0,
          "attributes": {
            "additional_capabilities": [],
            "additional_unattend_content": [],
            "admin_password": "S3cur3P4ssw0rd123!",
            "admin_username": "cloudteam",
            "allow_extension_operations": true,
            "availability_set_id": "",
            "boot_diagnostics": [],
            "capacity_reservation_group_id": "",
            "computer_name": "windowsclient",
            "custom_data": "JExvZ0ZpbGUgPSAiQzpcdGVtcFxzdGFydHVwLmxvZyI7CgojIFNldHVwIFdpblJNCndpbnJtIGRlbGV0ZSB3aW5ybS9jb25maWcvbGlzdGVuZXI/QWRkcmVzcz0qK1RyYW5zcG9ydD1IVFRQICAyPiROdWxsCndpbnJtIGRlbGV0ZSB3aW5ybS9jb25maWcvbGlzdGVuZXI/QWRkcmVzcz0qK1RyYW5zcG9ydD1IVFRQUyAyPiROdWxsCndpbnJtIGNyZWF0ZSB3aW5ybS9jb25maWcvbGlzdGVuZXI/QWRkcmVzcz0qK1RyYW5zcG9ydD1IVFRQCndpbnJtIHNldCB3aW5ybS9jb25maWcvd2lucnMgJ0B7TWF4TWVtb3J5UGVyU2hlbGxNQj0iMCJ9Jwp3aW5ybSBzZXQgd2lucm0vY29uZmlnICdAe01heFRpbWVvdXRtcz0iNzIwMDAwMCJ9Jwp3aW5ybSBzZXQgd2lucm0vY29uZmlnL3NlcnZpY2UgJ0B7QWxsb3dVbmVuY3J5cHRlZD0idHJ1ZSJ9Jwp3aW5ybSBzZXQgd2lucm0vY29uZmlnL3NlcnZpY2UgJ0B7TWF4Q29uY3VycmVudE9wZXJhdGlvbnNQZXJVc2VyPSIxMjAwMCJ9Jwp3aW5ybSBzZXQgd2lucm0vY29uZmlnL3NlcnZpY2UvYXV0aCAnQHtCYXNpYz0idHJ1ZSJ9Jwp3aW5ybSBzZXQgd2lucm0vY29uZmlnL2NsaWVudC9hdXRoICdAe0Jhc2ljPSJ0cnVlIn0nCiRLZXkgPSAnSEtMTTpcU09GVFdBUkVcTWljcm9zb2Z0XFdpbmRvd3NcQ3VycmVudFZlcnNpb25cUG9saWNpZXNcU3lzdGVtJwokU2V0dGluZyA9ICdMb2NhbEFjY291bnRUb2tlbkZpbHRlclBvbGljeScKU2V0LUl0ZW1Qcm9wZXJ0eSAtUGF0aCAkS2V5IC1OYW1lICRTZXR0aW5nIC1WYWx1ZSAxIC1Gb3JjZQpTZXQtRXhlY3V0aW9uUG9saWN5IC1FeGVjdXRpb25Qb2xpY3kgVW5yZXN0cmljdGVkClN0b3AtU2VydmljZSAtTmFtZSBXaW5STQpTZXQtU2VydmljZSAtTmFtZSBXaW5STSAtU3RhcnR1cFR5cGUgQXV0b21hdGljClN0YXJ0LVNlcnZpY2UgLU5hbWUgV2luUk0KRW5hYmxlLU5ldEZpcmV3YWxsUnVsZSAtRGlzcGxheU5hbWUgJ1dpbmRvd3MgUmVtb3RlIE1hbmFnZW1lbnQgKEhUVFAtSW4pJwoKIyBJbnN0YWxsIEZvcnRpQ2xpZW50CiRJbnN0YWxsZXIgPSAiQzpcV2luZG93c1xUZW1wXCIgKyAiRm9ydGlDbGllbnQubXNpIgpJbnZva2UtV2ViUmVxdWVzdCAiaHR0cHM6Ly9zYWxsYW1zMy5zMy5hbWF6b25hd3MuY29tL0ZvcnRpQ2xpZW50U2V0dXBfNy4yLjAuMDY5MF94NjQvRm9ydGlDbGllbnRTZXR1cF83LjIuMC4wNjkwX3g2NC9Gb3J0aUNsaWVudC5tc2kiIC1PdXRGaWxlICRJbnN0YWxsZXIKU3RhcnQtUHJvY2VzcyAtV29ya2luZ0RpcmVjdG9yeSAiQzpcV2luZG93c1xUZW1wIiAtRmlsZVBhdGggImNtZC5leGUiIC1Bcmd1bWVudExpc3QgIi9jIiwiRm9ydGlDbGllbnQubXNpIiwiL3Bhc3NpdmUiLCIvcXVpZXQgSU5TVEFMTExFVkVMPTEwMCBERVNLVE9QU0hPUlRDVVQ9MSBGRUFUVVJFX1NFTF9aVE5BPTEgRkVBVFVSRV9TRUxfVlVMTkVSQUJJTElUWVNDQU49MSBGRUFUVVJFX1NFTF9TRUNBQ0NFU1M9MSBGRUFUVVJFX1NFTF9TRUNGQUJSSUM9MSBGRUFUVVJFX1NFTF9BRFZQUk9URUNUPTEgRkVBVFVSRV9TRUxfUEFNPTEiIC1WZXJiIFJ1bkFzIC1XYWl0IAoiRm9ydGlDbGllbnQgaW5zdGFsbGVkLiIgfCBPdXQtRmlsZSAtRmlsZVBhdGggJExvZ0ZpbGUgLUFwcGVuZDs=",
            "dedicated_host_group_id": "",
            "dedicated_host_id": "",
            "edge_zone": "",
            "enable_automatic_updates": true,
            "encryption_at_host_enabled": false,
            "eviction_policy": "",
            "extensions_time_budget": "PT1H30M",
            "gallery_application": [],
            "hotpatching_enabled": false,
            "id": "/subscriptions/cf72478e-c3b0-4072-8f60-41d037c1d9e9/resourceGroups/cse-ztna-lab-rg0622/providers/Microsoft.Compute/virtualMachines/windowsclient",
            "identity": [],
            "license_type": "",
            "location": "westus2",
            "max_bid_price": -1,
            "name": "windowsclient",
            "network_interface_ids": [
              "/subscriptions/cf72478e-c3b0-4072-8f60-41d037c1d9e9/resourceGroups/cse-ztna-lab-rg0622/providers/Microsoft.Network/networkInterfaces/windowsclient-internal"
            ],
            "os_disk": [
              {
                "caching": "ReadWrite",
                "diff_disk_settings": [],
                "disk_encryption_set_id": "",
                "disk_size_gb": 127,
                "name": "windowsclient_OsDisk_1_d29dd9da40454747bb7bbc559b20210d",
                "secure_vm_disk_encryption_set_id": "",
                "security_encryption_type": "",
                "storage_account_type": "Standard_LRS",
                "write_accelerator_enabled": false
              }
            ],
            "patch_assessment_mode": "ImageDefault",
            "patch_mode": "AutomaticByOS",
            "plan": [],
            "platform_fault_domain": -1,
            "priority": "Regular",
            "private_ip_address": "10.0.0.6",
            "private_ip_addresses": [
              "10.0.0.6"
            ],
            "provision_vm_agent": true,
            "proximity_placement_group_id": "",
            "public_ip_address": "20.230.201.88",
            "public_ip_addresses": [
              "20.230.201.88"
            ],
            "resource_group_name": "cse-ztna-lab-rg0622",
            "secret": [],
            "secure_boot_enabled": false,
            "size": "Standard_DS1_v2",
            "source_image_id": "",
            "source_image_reference": [
              {
                "offer": "Windows-10",
                "publisher": "MicrosoftWindowsDesktop",
                "sku": "win10-22h2-pro-g2",
                "version": "latest"
              }
            ],
            "tags": null,
            "termination_notification": null,
            "timeouts": null,
            "timezone": "",
            "user_data": "",
            "virtual_machine_id": "1300c863-d975-4335-bed4-80738ae03677",
            "virtual_machine_scale_set_id": "",
            "vtpm_enabled": false,
            "winrm_listener": [],
            "zone": ""
          },
          "sensitive_attributes": [],
          "private": "eyJlMmJmYjczMC1lY2FhLTExZTYtOGY4OC0zNDM2M2JjN2M0YzAiOnsiY3JlYXRlIjoyNzAwMDAwMDAwMDAwLCJkZWxldGUiOjI3MDAwMDAwMDAwMDAsInJlYWQiOjMwMDAwMDAwMDAwMCwidXBkYXRlIjoyNzAwMDAwMDAwMDAwfX0=",
          "dependencies": [
            "azurerm_network_interface.windowsclient-nic1",
            "azurerm_public_ip.windowsclientpublicip",
            "azurerm_resource_group.resourcegroup",
            "azurerm_subnet.external",
            "azurerm_virtual_network.vnet"
          ]
        }
      ]
    },
    {
      "mode": "managed",
      "type": "azurerm_windows_virtual_machine",
      "name": "windowsserver",
      "provider": "provider[\"registry.terraform.io/hashicorp/azurerm\"]",
      "instances": [
        {
          "schema_version": 0,
          "attributes": {
            "additional_capabilities": [],
            "additional_unattend_content": [],
            "admin_password": "S3cur3P4ssw0rd123!",
            "admin_username": "cloudteam",
            "allow_extension_operations": true,
            "availability_set_id": "",
            "boot_diagnostics": [],
            "capacity_reservation_group_id": "",
            "computer_name": "windowsserver",
            "custom_data": "JExvZ0ZpbGUgPSAiQzpcdGVtcFxzdGFydHVwLmxvZyI7CgojIFNldHVwIFdpblJNCndpbnJtIGRlbGV0ZSB3aW5ybS9jb25maWcvbGlzdGVuZXI/QWRkcmVzcz0qK1RyYW5zcG9ydD1IVFRQICAyPiROdWxsCndpbnJtIGRlbGV0ZSB3aW5ybS9jb25maWcvbGlzdGVuZXI/QWRkcmVzcz0qK1RyYW5zcG9ydD1IVFRQUyAyPiROdWxsCndpbnJtIGNyZWF0ZSB3aW5ybS9jb25maWcvbGlzdGVuZXI/QWRkcmVzcz0qK1RyYW5zcG9ydD1IVFRQCndpbnJtIHNldCB3aW5ybS9jb25maWcvd2lucnMgJ0B7TWF4TWVtb3J5UGVyU2hlbGxNQj0iMCJ9Jwp3aW5ybSBzZXQgd2lucm0vY29uZmlnICdAe01heFRpbWVvdXRtcz0iNzIwMDAwMCJ9Jwp3aW5ybSBzZXQgd2lucm0vY29uZmlnL3NlcnZpY2UgJ0B7QWxsb3dVbmVuY3J5cHRlZD0idHJ1ZSJ9Jwp3aW5ybSBzZXQgd2lucm0vY29uZmlnL3NlcnZpY2UgJ0B7TWF4Q29uY3VycmVudE9wZXJhdGlvbnNQZXJVc2VyPSIxMjAwMCJ9Jwp3aW5ybSBzZXQgd2lucm0vY29uZmlnL3NlcnZpY2UvYXV0aCAnQHtCYXNpYz0idHJ1ZSJ9Jwp3aW5ybSBzZXQgd2lucm0vY29uZmlnL2NsaWVudC9hdXRoICdAe0Jhc2ljPSJ0cnVlIn0nCiRLZXkgPSAnSEtMTTpcU09GVFdBUkVcTWljcm9zb2Z0XFdpbmRvd3NcQ3VycmVudFZlcnNpb25cUG9saWNpZXNcU3lzdGVtJwokU2V0dGluZyA9ICdMb2NhbEFjY291bnRUb2tlbkZpbHRlclBvbGljeScKU2V0LUl0ZW1Qcm9wZXJ0eSAtUGF0aCAkS2V5IC1OYW1lICRTZXR0aW5nIC1WYWx1ZSAxIC1Gb3JjZQpTZXQtRXhlY3V0aW9uUG9saWN5IC1FeGVjdXRpb25Qb2xpY3kgVW5yZXN0cmljdGVkClN0b3AtU2VydmljZSAtTmFtZSBXaW5STQpTZXQtU2VydmljZSAtTmFtZSBXaW5STSAtU3RhcnR1cFR5cGUgQXV0b21hdGljClN0YXJ0LVNlcnZpY2UgLU5hbWUgV2luUk0KbmV0c2ggYWR2ZmlyZXdhbGwgZmlyZXdhbGwgc2V0IHJ1bGUgbmFtZT0iV2luZG93cyBSZW1vdGUgTWFuYWdlbWVudCAoSFRUUC1JbikiIG5ldyBhY3Rpb249YWxsb3cgbG9jYWxpcD1hbnkgcmVtb3RlaXA9YW55CgokSW5zdGFsbGVyID0gJGVudjpURU1QICsgIlxGb3J0aUNsaWVudFNldHVwXzYuMC4xLjExMzFfeDY0LmV4ZSI7Ckludm9rZS1XZWJSZXF1ZXN0ICJodHRwczovL3NhbGxhbXMzLnMzLmFtYXpvbmF3cy5jb20vRm9ydGlDbGllbnRTZXR1cF83LjIuMC4wNjkwX3g2NC9Gb3J0aUNsaWVudEVuZHBvaW50TWFuYWdlbWVudFNlcnZlcl83LjIuMC4wNjg5X3g2NC5leGUiIC1PdXRGaWxlICRJbnN0YWxsZXI7ClN0YXJ0LVByb2Nlc3MgLUZpbGVQYXRoICRJbnN0YWxsZXIgLUFyZ3MgImNtZC5leGUgL2MgRm9ydGlDbGllbnRTZXR1cF82LjAuMS4xMTMxX3g2NC5leGUgL3F1aWV0IiAtVmVyYiBSdW5BcyAtV2FpdDsKIkZvcnRpQ2xpZW50IEVNUyBTZXJ2ZXIgaW5zdGFsbGVkLiIgfCBPdXQtRmlsZSAtRmlsZVBhdGggJExvZ0ZpbGUgLUFwcGVuZDsKIyBBZGQtV2luZG93c0NhcGFiaWxpdHkgLU9ubGluZSAtTmFtZSBPcGVuU1NILlNlcnZlcn5+fn4wLjAuMS4wCiMgbmV0IHN0YXJ0ICJPcGVuU1NIIFNTSCBTZXJ2ZXIiCiMgTmV3LUl0ZW1Qcm9wZXJ0eSAtUGF0aCAiSEtMTTpcU09GVFdBUkVcT3BlblNTSCIgLU5hbWUgRGVmYXVsdFNoZWxsIC1WYWx1ZSAiQzpcV2luZG93c1xTeXN0ZW0zMlxjbWQuZXhlIiAtUHJvcGVydHlUeXBlIFN0cmluZyAtRm9yY2UKIyBTdGFydC1TZXJ2aWNlIHNzaGQKIyBTZXQtU2VydmljZSAtTmFtZSBzc2hkIC1TdGFydHVwVHlwZSAnQXV0b21hdGljJwoK",
            "dedicated_host_group_id": "",
            "dedicated_host_id": "",
            "edge_zone": "",
            "enable_automatic_updates": true,
            "encryption_at_host_enabled": false,
            "eviction_policy": "",
            "extensions_time_budget": "PT1H30M",
            "gallery_application": [],
            "hotpatching_enabled": false,
            "id": "/subscriptions/cf72478e-c3b0-4072-8f60-41d037c1d9e9/resourceGroups/cse-ztna-lab-rg0622/providers/Microsoft.Compute/virtualMachines/windowsserver",
            "identity": [],
            "license_type": "",
            "location": "westus2",
            "max_bid_price": -1,
            "name": "windowsserver",
            "network_interface_ids": [
              "/subscriptions/cf72478e-c3b0-4072-8f60-41d037c1d9e9/resourceGroups/cse-ztna-lab-rg0622/providers/Microsoft.Network/networkInterfaces/windowsserver-nic1"
            ],
            "os_disk": [
              {
                "caching": "ReadWrite",
                "diff_disk_settings": [],
                "disk_encryption_set_id": "",
                "disk_size_gb": 127,
                "name": "windowsserver_OsDisk_1_103a38dbcf414c16a172c12b4b257d70",
                "secure_vm_disk_encryption_set_id": "",
                "security_encryption_type": "",
                "storage_account_type": "Standard_LRS",
                "write_accelerator_enabled": false
              }
            ],
            "patch_assessment_mode": "ImageDefault",
            "patch_mode": "AutomaticByOS",
            "plan": [],
            "platform_fault_domain": -1,
            "priority": "Regular",
            "private_ip_address": "10.0.0.5",
            "private_ip_addresses": [
              "10.0.0.5"
            ],
            "provision_vm_agent": true,
            "proximity_placement_group_id": "",
            "public_ip_address": "20.230.201.143",
            "public_ip_addresses": [
              "20.230.201.143"
            ],
            "resource_group_name": "cse-ztna-lab-rg0622",
            "secret": [],
            "secure_boot_enabled": false,
            "size": "Standard_DS1_v2",
            "source_image_id": "",
            "source_image_reference": [
              {
                "offer": "WindowsServer",
                "publisher": "MicrosoftWindowsServer",
                "sku": "2019-datacenter-gensecond",
                "version": "latest"
              }
            ],
            "tags": null,
            "termination_notification": null,
            "timeouts": null,
            "timezone": "",
            "user_data": "",
            "virtual_machine_id": "6e9097a9-aa2a-4932-a4d6-2c99aec61e29",
            "virtual_machine_scale_set_id": "",
            "vtpm_enabled": false,
            "winrm_listener": [],
            "zone": ""
          },
          "sensitive_attributes": [],
          "private": "eyJlMmJmYjczMC1lY2FhLTExZTYtOGY4OC0zNDM2M2JjN2M0YzAiOnsiY3JlYXRlIjoyNzAwMDAwMDAwMDAwLCJkZWxldGUiOjI3MDAwMDAwMDAwMDAsInJlYWQiOjMwMDAwMDAwMDAwMCwidXBkYXRlIjoyNzAwMDAwMDAwMDAwfX0=",
          "dependencies": [
            "azurerm_network_interface.windowsserver-nic1",
            "azurerm_public_ip.winserverpublicip",
            "azurerm_resource_group.resourcegroup",
            "azurerm_subnet.external",
            "azurerm_virtual_network.vnet"
          ]
        }
      ]
    },
    {
      "mode": "managed",
      "type": "fortiflexvm_vms_create",
      "name": "register_faz",
      "provider": "provider[\"registry.terraform.io/fortinetdev/fortiflexvm\"]",
      "instances": [
        {
          "schema_version": 0,
          "attributes": {
            "config_id": 2859,
            "description": "Create through Terraform",
            "end_date": "2023-07-02T16:25:13Z",
            "folder_path": "My Assets/automation",
            "id": "VmsCreate",
            "vm_count": 1
          },
          "sensitive_attributes": [],
          "private": "bnVsbA=="
        }
      ]
    },
    {
      "mode": "managed",
      "type": "null_resource",
      "name": "copy-cert-file-db",
      "provider": "provider[\"registry.terraform.io/hashicorp/null\"]",
      "instances": [
        {
          "schema_version": 0,
          "attributes": {
            "id": "4578986875956470883",
            "triggers": null
          },
          "sensitive_attributes": [],
          "dependencies": [
            "azurerm_linux_virtual_machine.dbserver",
            "azurerm_network_interface.dbserver-nic1",
            "azurerm_network_interface.windowsserver-nic1",
            "azurerm_public_ip.dbserverpublicip",
            "azurerm_public_ip.winserverpublicip",
            "azurerm_resource_group.resourcegroup",
            "azurerm_subnet.external",
            "azurerm_subnet.internal",
            "azurerm_virtual_network.vnet",
            "azurerm_windows_virtual_machine.windowsserver",
            "data.template_file.webserver"
          ]
        }
      ]
    },
    {
      "mode": "managed",
      "type": "null_resource",
      "name": "copy-cert-file-web",
      "provider": "provider[\"registry.terraform.io/hashicorp/null\"]",
      "instances": [
        {
          "schema_version": 0,
          "attributes": {
            "id": "8256928853997047644",
            "triggers": null
          },
          "sensitive_attributes": [],
          "dependencies": [
            "azurerm_linux_virtual_machine.webserver",
            "azurerm_network_interface.webserver-nic1",
            "azurerm_network_interface.windowsserver-nic1",
            "azurerm_public_ip.webserverpublicip",
            "azurerm_public_ip.winserverpublicip",
            "azurerm_resource_group.resourcegroup",
            "azurerm_subnet.external",
            "azurerm_subnet.internal",
            "azurerm_virtual_network.vnet",
            "azurerm_windows_virtual_machine.windowsserver",
            "data.template_file.webserver"
          ]
        }
      ]
    },
    {
      "mode": "managed",
      "type": "null_resource",
      "name": "copy-winclient-file",
      "provider": "provider[\"registry.terraform.io/hashicorp/null\"]",
      "instances": [
        {
          "schema_version": 0,
          "attributes": {
            "id": "9107000696065029909",
            "triggers": null
          },
          "sensitive_attributes": [],
          "dependencies": [
            "azurerm_network_interface.windowsclient-nic1",
            "azurerm_network_interface.windowsserver-nic1",
            "azurerm_public_ip.windowsclientpublicip",
            "azurerm_public_ip.winserverpublicip",
            "azurerm_resource_group.resourcegroup",
            "azurerm_subnet.external",
            "azurerm_virtual_machine_extension.cloudinitclient",
            "azurerm_virtual_network.vnet",
            "azurerm_windows_virtual_machine.windowsclient",
            "azurerm_windows_virtual_machine.windowsserver"
          ]
        }
      ]
    },
    {
      "mode": "managed",
      "type": "null_resource",
      "name": "copy-winserver-files",
      "provider": "provider[\"registry.terraform.io/hashicorp/null\"]",
      "instances": [
        {
          "schema_version": 0,
          "attributes": {
            "id": "332758628870607615",
            "triggers": null
          },
          "sensitive_attributes": [],
          "dependencies": [
            "azurerm_network_interface.windowsserver-nic1",
            "azurerm_public_ip.winserverpublicip",
            "azurerm_resource_group.resourcegroup",
            "azurerm_subnet.external",
            "azurerm_virtual_machine_extension.cloudinit",
            "azurerm_virtual_network.vnet",
            "azurerm_windows_virtual_machine.windowsserver"
          ]
        }
      ]
    },
    {
      "mode": "managed",
      "type": "null_resource",
      "name": "setup_soar_container",
      "provider": "provider[\"registry.terraform.io/hashicorp/null\"]",
      "instances": [
        {
          "schema_version": 0,
          "attributes": {
            "id": "3904549665992637439",
            "triggers": null
          },
          "sensitive_attributes": [],
          "dependencies": [
            "azurerm_network_interface.fortianalyzer-nic1",
            "azurerm_public_ip.fortianalyzerpublicip",
            "azurerm_resource_group.resourcegroup",
            "azurerm_subnet.external",
            "azurerm_virtual_machine.fazvm",
            "azurerm_virtual_network.vnet",
            "data.fortiflexvm_groups_nexttoken.faz_free_token",
            "data.template_file.faz_custom_data",
            "fortiflexvm_vms_create.register_faz",
            "time_sleep.delay_80s"
          ]
        }
      ]
    },
    {
      "mode": "managed",
      "type": "random_string",
      "name": "random",
      "provider": "provider[\"registry.terraform.io/hashicorp/random\"]",
      "instances": [
        {
          "schema_version": 2,
          "attributes": {
            "id": "xuc2hi",
            "keepers": null,
            "length": 6,
            "lower": true,
            "min_lower": 0,
            "min_numeric": 0,
            "min_special": 0,
            "min_upper": 0,
            "number": true,
            "numeric": true,
            "override_special": null,
            "result": "xuc2hi",
            "special": false,
            "upper": false
          },
          "sensitive_attributes": []
        }
      ]
    },
    {
      "mode": "managed",
      "type": "time_sleep",
      "name": "delay_80s",
      "provider": "provider[\"registry.terraform.io/hashicorp/time\"]",
      "instances": [
        {
          "schema_version": 0,
          "attributes": {
            "create_duration": "80s",
            "destroy_duration": null,
            "id": "2023-06-22T16:31:31Z",
            "triggers": null
          },
          "sensitive_attributes": [],
          "dependencies": [
            "azurerm_network_interface.fortianalyzer-nic1",
            "azurerm_public_ip.fortianalyzerpublicip",
            "azurerm_resource_group.resourcegroup",
            "azurerm_subnet.external",
            "azurerm_virtual_machine.fazvm",
            "azurerm_virtual_network.vnet",
            "data.fortiflexvm_groups_nexttoken.faz_free_token",
            "data.template_file.faz_custom_data",
            "fortiflexvm_vms_create.register_faz"
          ]
        }
      ]
    }
  ]
}
